// !$*UTF8*$!
{
	archiveVersion = 1;
	classes = {
	};
	objectVersion = 46;
	objects = {

/* Begin PBXBuildFile section */
		3E0559EF1411FF5D0067E518 /* FilesViewController.m in Sources */ = {isa = PBXBuildFile; fileRef = 3E0559EE1411FF5D0067E518 /* FilesViewController.m */; };
		3E0559F6141200EF0067E518 /* FilesViewController.xib in Resources */ = {isa = PBXBuildFile; fileRef = 3E0559F5141200EF0067E518 /* FilesViewController.xib */; };
		3E413F5E1405E22900E27FFD /* UIKit.framework in Frameworks */ = {isa = PBXBuildFile; fileRef = 3E413F5D1405E22900E27FFD /* UIKit.framework */; };
		3E413F601405E22900E27FFD /* Foundation.framework in Frameworks */ = {isa = PBXBuildFile; fileRef = 3E413F5F1405E22900E27FFD /* Foundation.framework */; };
		3E413F621405E22900E27FFD /* CoreGraphics.framework in Frameworks */ = {isa = PBXBuildFile; fileRef = 3E413F611405E22900E27FFD /* CoreGraphics.framework */; };
		3E413F681405E22900E27FFD /* InfoPlist.strings in Resources */ = {isa = PBXBuildFile; fileRef = 3E413F661405E22900E27FFD /* InfoPlist.strings */; };
		3E413F6A1405E22A00E27FFD /* main.m in Sources */ = {isa = PBXBuildFile; fileRef = 3E413F691405E22A00E27FFD /* main.m */; };
		3E413F6E1405E22A00E27FFD /* EmotionRecognitionAppDelegate.m in Sources */ = {isa = PBXBuildFile; fileRef = 3E413F6D1405E22A00E27FFD /* EmotionRecognitionAppDelegate.m */; };
		3E413F711405E22A00E27FFD /* MainWindow.xib in Resources */ = {isa = PBXBuildFile; fileRef = 3E413F6F1405E22A00E27FFD /* MainWindow.xib */; };
		3EAFC43C1411F10E00A11D1B /* AVFoundation.framework in Frameworks */ = {isa = PBXBuildFile; fileRef = 3EAFC43B1411F10E00A11D1B /* AVFoundation.framework */; };
		3EAFC43F1411F15600A11D1B /* CFNetwork.framework in Frameworks */ = {isa = PBXBuildFile; fileRef = 3EAFC43E1411F15600A11D1B /* CFNetwork.framework */; };
		3EAFC4411411F19500A11D1B /* SystemConfiguration.framework in Frameworks */ = {isa = PBXBuildFile; fileRef = 3EAFC4401411F19500A11D1B /* SystemConfiguration.framework */; };
		3EAFC4431411F1A400A11D1B /* MobileCoreServices.framework in Frameworks */ = {isa = PBXBuildFile; fileRef = 3EAFC4421411F1A400A11D1B /* MobileCoreServices.framework */; };
		3EAFC4451411F1B000A11D1B /* libz.1.1.3.dylib in Frameworks */ = {isa = PBXBuildFile; fileRef = 3EAFC4441411F1B000A11D1B /* libz.1.1.3.dylib */; };
		3EAFC4481411F44300A11D1B /* README in Resources */ = {isa = PBXBuildFile; fileRef = 3EAFC4471411F44200A11D1B /* README */; };
		3EAFC4621411F6D000A11D1B /* ASIAuthenticationDialog.m in Sources */ = {isa = PBXBuildFile; fileRef = 3EAFC44C1411F6D000A11D1B /* ASIAuthenticationDialog.m */; };
		3EAFC4631411F6D000A11D1B /* ASIDataCompressor.m in Sources */ = {isa = PBXBuildFile; fileRef = 3EAFC44F1411F6D000A11D1B /* ASIDataCompressor.m */; };
		3EAFC4641411F6D000A11D1B /* ASIDataDecompressor.m in Sources */ = {isa = PBXBuildFile; fileRef = 3EAFC4511411F6D000A11D1B /* ASIDataDecompressor.m */; };
		3EAFC4651411F6D000A11D1B /* ASIDownloadCache.m in Sources */ = {isa = PBXBuildFile; fileRef = 3EAFC4531411F6D000A11D1B /* ASIDownloadCache.m */; };
		3EAFC4661411F6D000A11D1B /* ASIFormDataRequest.m in Sources */ = {isa = PBXBuildFile; fileRef = 3EAFC4551411F6D000A11D1B /* ASIFormDataRequest.m */; };
		3EAFC4671411F6D000A11D1B /* ASIHTTPRequest.m in Sources */ = {isa = PBXBuildFile; fileRef = 3EAFC4571411F6D000A11D1B /* ASIHTTPRequest.m */; };
		3EAFC4681411F6D000A11D1B /* ASIInputStream.m in Sources */ = {isa = PBXBuildFile; fileRef = 3EAFC45B1411F6D000A11D1B /* ASIInputStream.m */; };
		3EAFC4691411F6D000A11D1B /* ASINetworkQueue.m in Sources */ = {isa = PBXBuildFile; fileRef = 3EAFC45D1411F6D000A11D1B /* ASINetworkQueue.m */; };
		3EAFC46A1411F6D000A11D1B /* Reachability.m in Sources */ = {isa = PBXBuildFile; fileRef = 3EAFC4611411F6D000A11D1B /* Reachability.m */; };
		3EAFC4701411F73300A11D1B /* OCPasswordPromptView.m in Sources */ = {isa = PBXBuildFile; fileRef = 3EAFC46D1411F73300A11D1B /* OCPasswordPromptView.m */; };
		3EAFC4711411F73300A11D1B /* OCPromptView.m in Sources */ = {isa = PBXBuildFile; fileRef = 3EAFC46F1411F73300A11D1B /* OCPromptView.m */; };
		3EAFC4781411F7C900A11D1B /* AudioFile.m in Sources */ = {isa = PBXBuildFile; fileRef = 3EAFC4741411F7C900A11D1B /* AudioFile.m */; };
		3EAFC4791411F7C900A11D1B /* AudioFileDetailViewController.m in Sources */ = {isa = PBXBuildFile; fileRef = 3EAFC4761411F7C900A11D1B /* AudioFileDetailViewController.m */; };
		3EAFC47A1411F7C900A11D1B /* AudioFileDetailViewController.xib in Resources */ = {isa = PBXBuildFile; fileRef = 3EAFC4771411F7C900A11D1B /* AudioFileDetailViewController.xib */; };
		3EAFC4811411F86300A11D1B /* files.png in Resources */ = {isa = PBXBuildFile; fileRef = 3EAFC47C1411F86300A11D1B /* files.png */; };
		3EAFC4821411F86300A11D1B /* news.png in Resources */ = {isa = PBXBuildFile; fileRef = 3EAFC47D1411F86300A11D1B /* news.png */; };
		3EAFC4831411F86300A11D1B /* record.png in Resources */ = {isa = PBXBuildFile; fileRef = 3EAFC47E1411F86300A11D1B /* record.png */; };
		3EAFC4841411F86300A11D1B /* settings.png in Resources */ = {isa = PBXBuildFile; fileRef = 3EAFC47F1411F86300A11D1B /* settings.png */; };
		3EAFC4851411F86300A11D1B /* social.png in Resources */ = {isa = PBXBuildFile; fileRef = 3EAFC4801411F86300A11D1B /* social.png */; };
		3EAFC48A1411F9D100A11D1B /* NewsViewController.m in Sources */ = {isa = PBXBuildFile; fileRef = 3EAFC4881411F9D100A11D1B /* NewsViewController.m */; };
		3EAFC48B1411F9D100A11D1B /* NewsViewController.xib in Resources */ = {isa = PBXBuildFile; fileRef = 3EAFC4891411F9D100A11D1B /* NewsViewController.xib */; };
		3EAFC4941411FB2800A11D1B /* RecordViewController.m in Sources */ = {isa = PBXBuildFile; fileRef = 3EAFC4921411FB2800A11D1B /* RecordViewController.m */; };
		3EAFC4951411FB2800A11D1B /* RecordViewController.xib in Resources */ = {isa = PBXBuildFile; fileRef = 3EAFC4931411FB2800A11D1B /* RecordViewController.xib */; };
		3EAFC4991411FD0F00A11D1B /* SettingsViewController.m in Sources */ = {isa = PBXBuildFile; fileRef = 3EAFC4971411FD0F00A11D1B /* SettingsViewController.m */; };
		3EAFC49A1411FD0F00A11D1B /* SettingsViewController.xib in Resources */ = {isa = PBXBuildFile; fileRef = 3EAFC4981411FD0F00A11D1B /* SettingsViewController.xib */; };
		3EAFC49E1411FD2800A11D1B /* SocialViewController.m in Sources */ = {isa = PBXBuildFile; fileRef = 3EAFC49C1411FD2800A11D1B /* SocialViewController.m */; };
		3EAFC49F1411FD2800A11D1B /* SocialViewController.xib in Resources */ = {isa = PBXBuildFile; fileRef = 3EAFC49D1411FD2800A11D1B /* SocialViewController.xib */; };
/* End PBXBuildFile section */

/* Begin PBXFileReference section */
		3E0559ED1411FF5D0067E518 /* FilesViewController.h */ = {isa = PBXFileReference; fileEncoding = 4; lastKnownFileType = sourcecode.c.h; path = FilesViewController.h; sourceTree = "<group>"; };
		3E0559EE1411FF5D0067E518 /* FilesViewController.m */ = {isa = PBXFileReference; fileEncoding = 4; lastKnownFileType = sourcecode.c.objc; path = FilesViewController.m; sourceTree = "<group>"; };
		3E0559F5141200EF0067E518 /* FilesViewController.xib */ = {isa = PBXFileReference; fileEncoding = 4; lastKnownFileType = file.xib; path = FilesViewController.xib; sourceTree = "<group>"; };
		3E413F591405E22900E27FFD /* EmotionRecognition.app */ = {isa = PBXFileReference; explicitFileType = wrapper.application; includeInIndex = 0; path = EmotionRecognition.app; sourceTree = BUILT_PRODUCTS_DIR; };
		3E413F5D1405E22900E27FFD /* UIKit.framework */ = {isa = PBXFileReference; lastKnownFileType = wrapper.framework; name = UIKit.framework; path = System/Library/Frameworks/UIKit.framework; sourceTree = SDKROOT; };
		3E413F5F1405E22900E27FFD /* Foundation.framework */ = {isa = PBXFileReference; lastKnownFileType = wrapper.framework; name = Foundation.framework; path = System/Library/Frameworks/Foundation.framework; sourceTree = SDKROOT; };
		3E413F611405E22900E27FFD /* CoreGraphics.framework */ = {isa = PBXFileReference; lastKnownFileType = wrapper.framework; name = CoreGraphics.framework; path = System/Library/Frameworks/CoreGraphics.framework; sourceTree = SDKROOT; };
		3E413F651405E22900E27FFD /* EmotionRecognition-Info.plist */ = {isa = PBXFileReference; lastKnownFileType = text.plist.xml; path = "EmotionRecognition-Info.plist"; sourceTree = "<group>"; };
		3E413F671405E22900E27FFD /* en */ = {isa = PBXFileReference; lastKnownFileType = text.plist.strings; name = en; path = en.lproj/InfoPlist.strings; sourceTree = "<group>"; };
		3E413F691405E22A00E27FFD /* main.m */ = {isa = PBXFileReference; lastKnownFileType = sourcecode.c.objc; path = main.m; sourceTree = "<group>"; };
		3E413F6B1405E22A00E27FFD /* EmotionRecognition-Prefix.pch */ = {isa = PBXFileReference; lastKnownFileType = sourcecode.c.h; path = "EmotionRecognition-Prefix.pch"; sourceTree = "<group>"; };
		3E413F6C1405E22A00E27FFD /* EmotionRecognitionAppDelegate.h */ = {isa = PBXFileReference; lastKnownFileType = sourcecode.c.h; path = EmotionRecognitionAppDelegate.h; sourceTree = "<group>"; };
		3E413F6D1405E22A00E27FFD /* EmotionRecognitionAppDelegate.m */ = {isa = PBXFileReference; lastKnownFileType = sourcecode.c.objc; path = EmotionRecognitionAppDelegate.m; sourceTree = "<group>"; };
		3E413F701405E22A00E27FFD /* en */ = {isa = PBXFileReference; lastKnownFileType = file.xib; name = en; path = en.lproj/MainWindow.xib; sourceTree = "<group>"; };
		3EAFC43B1411F10E00A11D1B /* AVFoundation.framework */ = {isa = PBXFileReference; lastKnownFileType = wrapper.framework; name = AVFoundation.framework; path = System/Library/Frameworks/AVFoundation.framework; sourceTree = SDKROOT; };
		3EAFC43E1411F15600A11D1B /* CFNetwork.framework */ = {isa = PBXFileReference; lastKnownFileType = wrapper.framework; name = CFNetwork.framework; path = System/Library/Frameworks/CFNetwork.framework; sourceTree = SDKROOT; };
		3EAFC4401411F19500A11D1B /* SystemConfiguration.framework */ = {isa = PBXFileReference; lastKnownFileType = wrapper.framework; name = SystemConfiguration.framework; path = System/Library/Frameworks/SystemConfiguration.framework; sourceTree = SDKROOT; };
		3EAFC4421411F1A400A11D1B /* MobileCoreServices.framework */ = {isa = PBXFileReference; lastKnownFileType = wrapper.framework; name = MobileCoreServices.framework; path = System/Library/Frameworks/MobileCoreServices.framework; sourceTree = SDKROOT; };
		3EAFC4441411F1B000A11D1B /* libz.1.1.3.dylib */ = {isa = PBXFileReference; lastKnownFileType = "compiled.mach-o.dylib"; name = libz.1.1.3.dylib; path = usr/lib/libz.1.1.3.dylib; sourceTree = SDKROOT; };
		3EAFC4471411F44200A11D1B /* README */ = {isa = PBXFileReference; fileEncoding = 4; lastKnownFileType = text; path = README; sourceTree = "<group>"; };
		3EAFC44B1411F6D000A11D1B /* ASIAuthenticationDialog.h */ = {isa = PBXFileReference; fileEncoding = 4; lastKnownFileType = sourcecode.c.h; path = ASIAuthenticationDialog.h; sourceTree = "<group>"; };
		3EAFC44C1411F6D000A11D1B /* ASIAuthenticationDialog.m */ = {isa = PBXFileReference; fileEncoding = 4; lastKnownFileType = sourcecode.c.objc; path = ASIAuthenticationDialog.m; sourceTree = "<group>"; };
		3EAFC44D1411F6D000A11D1B /* ASICacheDelegate.h */ = {isa = PBXFileReference; fileEncoding = 4; lastKnownFileType = sourcecode.c.h; path = ASICacheDelegate.h; sourceTree = "<group>"; };
		3EAFC44E1411F6D000A11D1B /* ASIDataCompressor.h */ = {isa = PBXFileReference; fileEncoding = 4; lastKnownFileType = sourcecode.c.h; path = ASIDataCompressor.h; sourceTree = "<group>"; };
		3EAFC44F1411F6D000A11D1B /* ASIDataCompressor.m */ = {isa = PBXFileReference; fileEncoding = 4; lastKnownFileType = sourcecode.c.objc; path = ASIDataCompressor.m; sourceTree = "<group>"; };
		3EAFC4501411F6D000A11D1B /* ASIDataDecompressor.h */ = {isa = PBXFileReference; fileEncoding = 4; lastKnownFileType = sourcecode.c.h; path = ASIDataDecompressor.h; sourceTree = "<group>"; };
		3EAFC4511411F6D000A11D1B /* ASIDataDecompressor.m */ = {isa = PBXFileReference; fileEncoding = 4; lastKnownFileType = sourcecode.c.objc; path = ASIDataDecompressor.m; sourceTree = "<group>"; };
		3EAFC4521411F6D000A11D1B /* ASIDownloadCache.h */ = {isa = PBXFileReference; fileEncoding = 4; lastKnownFileType = sourcecode.c.h; path = ASIDownloadCache.h; sourceTree = "<group>"; };
		3EAFC4531411F6D000A11D1B /* ASIDownloadCache.m */ = {isa = PBXFileReference; fileEncoding = 4; lastKnownFileType = sourcecode.c.objc; path = ASIDownloadCache.m; sourceTree = "<group>"; };
		3EAFC4541411F6D000A11D1B /* ASIFormDataRequest.h */ = {isa = PBXFileReference; fileEncoding = 4; lastKnownFileType = sourcecode.c.h; path = ASIFormDataRequest.h; sourceTree = "<group>"; };
		3EAFC4551411F6D000A11D1B /* ASIFormDataRequest.m */ = {isa = PBXFileReference; fileEncoding = 4; lastKnownFileType = sourcecode.c.objc; path = ASIFormDataRequest.m; sourceTree = "<group>"; };
		3EAFC4561411F6D000A11D1B /* ASIHTTPRequest.h */ = {isa = PBXFileReference; fileEncoding = 4; lastKnownFileType = sourcecode.c.h; path = ASIHTTPRequest.h; sourceTree = "<group>"; };
		3EAFC4571411F6D000A11D1B /* ASIHTTPRequest.m */ = {isa = PBXFileReference; fileEncoding = 4; lastKnownFileType = sourcecode.c.objc; path = ASIHTTPRequest.m; sourceTree = "<group>"; };
		3EAFC4581411F6D000A11D1B /* ASIHTTPRequestConfig.h */ = {isa = PBXFileReference; fileEncoding = 4; lastKnownFileType = sourcecode.c.h; path = ASIHTTPRequestConfig.h; sourceTree = "<group>"; };
		3EAFC4591411F6D000A11D1B /* ASIHTTPRequestDelegate.h */ = {isa = PBXFileReference; fileEncoding = 4; lastKnownFileType = sourcecode.c.h; path = ASIHTTPRequestDelegate.h; sourceTree = "<group>"; };
		3EAFC45A1411F6D000A11D1B /* ASIInputStream.h */ = {isa = PBXFileReference; fileEncoding = 4; lastKnownFileType = sourcecode.c.h; path = ASIInputStream.h; sourceTree = "<group>"; };
		3EAFC45B1411F6D000A11D1B /* ASIInputStream.m */ = {isa = PBXFileReference; fileEncoding = 4; lastKnownFileType = sourcecode.c.objc; path = ASIInputStream.m; sourceTree = "<group>"; };
		3EAFC45C1411F6D000A11D1B /* ASINetworkQueue.h */ = {isa = PBXFileReference; fileEncoding = 4; lastKnownFileType = sourcecode.c.h; path = ASINetworkQueue.h; sourceTree = "<group>"; };
		3EAFC45D1411F6D000A11D1B /* ASINetworkQueue.m */ = {isa = PBXFileReference; fileEncoding = 4; lastKnownFileType = sourcecode.c.objc; path = ASINetworkQueue.m; sourceTree = "<group>"; };
		3EAFC45E1411F6D000A11D1B /* ASIProgressDelegate.h */ = {isa = PBXFileReference; fileEncoding = 4; lastKnownFileType = sourcecode.c.h; path = ASIProgressDelegate.h; sourceTree = "<group>"; };
		3EAFC4601411F6D000A11D1B /* Reachability.h */ = {isa = PBXFileReference; fileEncoding = 4; lastKnownFileType = sourcecode.c.h; path = Reachability.h; sourceTree = "<group>"; };
		3EAFC4611411F6D000A11D1B /* Reachability.m */ = {isa = PBXFileReference; fileEncoding = 4; lastKnownFileType = sourcecode.c.objc; path = Reachability.m; sourceTree = "<group>"; };
		3EAFC46C1411F73300A11D1B /* OCPasswordPromptView.h */ = {isa = PBXFileReference; fileEncoding = 4; lastKnownFileType = sourcecode.c.h; path = OCPasswordPromptView.h; sourceTree = "<group>"; };
		3EAFC46D1411F73300A11D1B /* OCPasswordPromptView.m */ = {isa = PBXFileReference; fileEncoding = 4; lastKnownFileType = sourcecode.c.objc; path = OCPasswordPromptView.m; sourceTree = "<group>"; };
		3EAFC46E1411F73300A11D1B /* OCPromptView.h */ = {isa = PBXFileReference; fileEncoding = 4; lastKnownFileType = sourcecode.c.h; path = OCPromptView.h; sourceTree = "<group>"; };
		3EAFC46F1411F73300A11D1B /* OCPromptView.m */ = {isa = PBXFileReference; fileEncoding = 4; lastKnownFileType = sourcecode.c.objc; path = OCPromptView.m; sourceTree = "<group>"; };
		3EAFC4731411F7C900A11D1B /* AudioFile.h */ = {isa = PBXFileReference; fileEncoding = 4; lastKnownFileType = sourcecode.c.h; path = AudioFile.h; sourceTree = "<group>"; };
		3EAFC4741411F7C900A11D1B /* AudioFile.m */ = {isa = PBXFileReference; fileEncoding = 4; lastKnownFileType = sourcecode.c.objc; path = AudioFile.m; sourceTree = "<group>"; };
		3EAFC4751411F7C900A11D1B /* AudioFileDetailViewController.h */ = {isa = PBXFileReference; fileEncoding = 4; lastKnownFileType = sourcecode.c.h; path = AudioFileDetailViewController.h; sourceTree = "<group>"; };
		3EAFC4761411F7C900A11D1B /* AudioFileDetailViewController.m */ = {isa = PBXFileReference; fileEncoding = 4; lastKnownFileType = sourcecode.c.objc; path = AudioFileDetailViewController.m; sourceTree = "<group>"; };
		3EAFC4771411F7C900A11D1B /* AudioFileDetailViewController.xib */ = {isa = PBXFileReference; fileEncoding = 4; lastKnownFileType = file.xib; path = AudioFileDetailViewController.xib; sourceTree = "<group>"; };
		3EAFC47C1411F86300A11D1B /* files.png */ = {isa = PBXFileReference; lastKnownFileType = image.png; path = files.png; sourceTree = "<group>"; };
		3EAFC47D1411F86300A11D1B /* news.png */ = {isa = PBXFileReference; lastKnownFileType = image.png; path = news.png; sourceTree = "<group>"; };
		3EAFC47E1411F86300A11D1B /* record.png */ = {isa = PBXFileReference; lastKnownFileType = image.png; path = record.png; sourceTree = "<group>"; };
		3EAFC47F1411F86300A11D1B /* settings.png */ = {isa = PBXFileReference; lastKnownFileType = image.png; path = settings.png; sourceTree = "<group>"; };
		3EAFC4801411F86300A11D1B /* social.png */ = {isa = PBXFileReference; lastKnownFileType = image.png; path = social.png; sourceTree = "<group>"; };
		3EAFC4871411F9D100A11D1B /* NewsViewController.h */ = {isa = PBXFileReference; fileEncoding = 4; lastKnownFileType = sourcecode.c.h; path = NewsViewController.h; sourceTree = "<group>"; };
		3EAFC4881411F9D100A11D1B /* NewsViewController.m */ = {isa = PBXFileReference; fileEncoding = 4; lastKnownFileType = sourcecode.c.objc; path = NewsViewController.m; sourceTree = "<group>"; };
		3EAFC4891411F9D100A11D1B /* NewsViewController.xib */ = {isa = PBXFileReference; fileEncoding = 4; lastKnownFileType = file.xib; path = NewsViewController.xib; sourceTree = "<group>"; };
		3EAFC4911411FB2800A11D1B /* RecordViewController.h */ = {isa = PBXFileReference; fileEncoding = 4; lastKnownFileType = sourcecode.c.h; path = RecordViewController.h; sourceTree = "<group>"; };
		3EAFC4921411FB2800A11D1B /* RecordViewController.m */ = {isa = PBXFileReference; fileEncoding = 4; lastKnownFileType = sourcecode.c.objc; path = RecordViewController.m; sourceTree = "<group>"; };
		3EAFC4931411FB2800A11D1B /* RecordViewController.xib */ = {isa = PBXFileReference; fileEncoding = 4; lastKnownFileType = file.xib; path = RecordViewController.xib; sourceTree = "<group>"; };
		3EAFC4961411FD0F00A11D1B /* SettingsViewController.h */ = {isa = PBXFileReference; fileEncoding = 4; lastKnownFileType = sourcecode.c.h; path = SettingsViewController.h; sourceTree = "<group>"; };
		3EAFC4971411FD0F00A11D1B /* SettingsViewController.m */ = {isa = PBXFileReference; fileEncoding = 4; lastKnownFileType = sourcecode.c.objc; path = SettingsViewController.m; sourceTree = "<group>"; };
		3EAFC4981411FD0F00A11D1B /* SettingsViewController.xib */ = {isa = PBXFileReference; fileEncoding = 4; lastKnownFileType = file.xib; path = SettingsViewController.xib; sourceTree = "<group>"; };
		3EAFC49B1411FD2800A11D1B /* SocialViewController.h */ = {isa = PBXFileReference; fileEncoding = 4; lastKnownFileType = sourcecode.c.h; path = SocialViewController.h; sourceTree = "<group>"; };
		3EAFC49C1411FD2800A11D1B /* SocialViewController.m */ = {isa = PBXFileReference; fileEncoding = 4; lastKnownFileType = sourcecode.c.objc; path = SocialViewController.m; sourceTree = "<group>"; };
		3EAFC49D1411FD2800A11D1B /* SocialViewController.xib */ = {isa = PBXFileReference; fileEncoding = 4; lastKnownFileType = file.xib; path = SocialViewController.xib; sourceTree = "<group>"; };
/* End PBXFileReference section */

/* Begin PBXFrameworksBuildPhase section */
		3E413F561405E22900E27FFD /* Frameworks */ = {
			isa = PBXFrameworksBuildPhase;
			buildActionMask = 2147483647;
			files = (
				3EAFC4451411F1B000A11D1B /* libz.1.1.3.dylib in Frameworks */,
				3EAFC43C1411F10E00A11D1B /* AVFoundation.framework in Frameworks */,
				3EAFC43F1411F15600A11D1B /* CFNetwork.framework in Frameworks */,
				3E413F621405E22900E27FFD /* CoreGraphics.framework in Frameworks */,
				3E413F601405E22900E27FFD /* Foundation.framework in Frameworks */,
				3EAFC4431411F1A400A11D1B /* MobileCoreServices.framework in Frameworks */,
				3EAFC4411411F19500A11D1B /* SystemConfiguration.framework in Frameworks */,
				3E413F5E1405E22900E27FFD /* UIKit.framework in Frameworks */,
			);
			runOnlyForDeploymentPostprocessing = 0;
		};
/* End PBXFrameworksBuildPhase section */

/* Begin PBXGroup section */
		3E413F4E1405E22900E27FFD = {
			isa = PBXGroup;
			children = (
				3EAFC4471411F44200A11D1B /* README */,
				3E413F631405E22900E27FFD /* EmotionRecognition */,
				3E413F5C1405E22900E27FFD /* Frameworks */,
				3E413F5A1405E22900E27FFD /* Products */,
			);
			sourceTree = "<group>";
		};
		3E413F5A1405E22900E27FFD /* Products */ = {
			isa = PBXGroup;
			children = (
				3E413F591405E22900E27FFD /* EmotionRecognition.app */,
			);
			name = Products;
			sourceTree = "<group>";
		};
		3E413F5C1405E22900E27FFD /* Frameworks */ = {
			isa = PBXGroup;
			children = (
				3EAFC4441411F1B000A11D1B /* libz.1.1.3.dylib */,
				3EAFC43B1411F10E00A11D1B /* AVFoundation.framework */,
				3EAFC43E1411F15600A11D1B /* CFNetwork.framework */,
				3E413F611405E22900E27FFD /* CoreGraphics.framework */,
				3E413F5F1405E22900E27FFD /* Foundation.framework */,
				3EAFC4421411F1A400A11D1B /* MobileCoreServices.framework */,
				3EAFC4401411F19500A11D1B /* SystemConfiguration.framework */,
				3E413F5D1405E22900E27FFD /* UIKit.framework */,
			);
			name = Frameworks;
			sourceTree = "<group>";
		};
		3E413F631405E22900E27FFD /* EmotionRecognition */ = {
			isa = PBXGroup;
			children = (
				3EAFC48C1411FA1500A11D1B /* Tabs */,
				3EAFC47B1411F83A00A11D1B /* Icons */,
				3EAFC44A1411F6D000A11D1B /* ASI */,
				3EAFC46B1411F73300A11D1B /* OCPrompt */,
				3EAFC4721411F74300A11D1B /* AudioFile */,
				3E413F6C1405E22A00E27FFD /* EmotionRecognitionAppDelegate.h */,
				3E413F6D1405E22A00E27FFD /* EmotionRecognitionAppDelegate.m */,
				3E413F6F1405E22A00E27FFD /* MainWindow.xib */,
				3E413F641405E22900E27FFD /* Supporting Files */,
			);
			path = EmotionRecognition;
			sourceTree = "<group>";
		};
		3E413F641405E22900E27FFD /* Supporting Files */ = {
			isa = PBXGroup;
			children = (
				3E413F651405E22900E27FFD /* EmotionRecognition-Info.plist */,
				3E413F661405E22900E27FFD /* InfoPlist.strings */,
				3E413F691405E22A00E27FFD /* main.m */,
				3E413F6B1405E22A00E27FFD /* EmotionRecognition-Prefix.pch */,
			);
			name = "Supporting Files";
			sourceTree = "<group>";
		};
		3EAFC44A1411F6D000A11D1B /* ASI */ = {
			isa = PBXGroup;
			children = (
				3EAFC44B1411F6D000A11D1B /* ASIAuthenticationDialog.h */,
				3EAFC44C1411F6D000A11D1B /* ASIAuthenticationDialog.m */,
				3EAFC44D1411F6D000A11D1B /* ASICacheDelegate.h */,
				3EAFC44E1411F6D000A11D1B /* ASIDataCompressor.h */,
				3EAFC44F1411F6D000A11D1B /* ASIDataCompressor.m */,
				3EAFC4501411F6D000A11D1B /* ASIDataDecompressor.h */,
				3EAFC4511411F6D000A11D1B /* ASIDataDecompressor.m */,
				3EAFC4521411F6D000A11D1B /* ASIDownloadCache.h */,
				3EAFC4531411F6D000A11D1B /* ASIDownloadCache.m */,
				3EAFC4541411F6D000A11D1B /* ASIFormDataRequest.h */,
				3EAFC4551411F6D000A11D1B /* ASIFormDataRequest.m */,
				3EAFC4561411F6D000A11D1B /* ASIHTTPRequest.h */,
				3EAFC4571411F6D000A11D1B /* ASIHTTPRequest.m */,
				3EAFC4581411F6D000A11D1B /* ASIHTTPRequestConfig.h */,
				3EAFC4591411F6D000A11D1B /* ASIHTTPRequestDelegate.h */,
				3EAFC45A1411F6D000A11D1B /* ASIInputStream.h */,
				3EAFC45B1411F6D000A11D1B /* ASIInputStream.m */,
				3EAFC45C1411F6D000A11D1B /* ASINetworkQueue.h */,
				3EAFC45D1411F6D000A11D1B /* ASINetworkQueue.m */,
				3EAFC45E1411F6D000A11D1B /* ASIProgressDelegate.h */,
				3EAFC45F1411F6D000A11D1B /* Reachability */,
			);
			path = ASI;
			sourceTree = "<group>";
		};
		3EAFC45F1411F6D000A11D1B /* Reachability */ = {
			isa = PBXGroup;
			children = (
				3EAFC4601411F6D000A11D1B /* Reachability.h */,
				3EAFC4611411F6D000A11D1B /* Reachability.m */,
			);
			path = Reachability;
			sourceTree = "<group>";
		};
		3EAFC46B1411F73300A11D1B /* OCPrompt */ = {
			isa = PBXGroup;
			children = (
				3EAFC46C1411F73300A11D1B /* OCPasswordPromptView.h */,
				3EAFC46D1411F73300A11D1B /* OCPasswordPromptView.m */,
				3EAFC46E1411F73300A11D1B /* OCPromptView.h */,
				3EAFC46F1411F73300A11D1B /* OCPromptView.m */,
			);
			path = OCPrompt;
			sourceTree = "<group>";
		};
		3EAFC4721411F74300A11D1B /* AudioFile */ = {
			isa = PBXGroup;
			children = (
				3EAFC4731411F7C900A11D1B /* AudioFile.h */,
				3EAFC4741411F7C900A11D1B /* AudioFile.m */,
				3EAFC4751411F7C900A11D1B /* AudioFileDetailViewController.h */,
				3EAFC4761411F7C900A11D1B /* AudioFileDetailViewController.m */,
				3EAFC4771411F7C900A11D1B /* AudioFileDetailViewController.xib */,
			);
			name = AudioFile;
			sourceTree = "<group>";
		};
		3EAFC47B1411F83A00A11D1B /* Icons */ = {
			isa = PBXGroup;
			children = (
				3EAFC47C1411F86300A11D1B /* files.png */,
				3EAFC47D1411F86300A11D1B /* news.png */,
				3EAFC47E1411F86300A11D1B /* record.png */,
				3EAFC47F1411F86300A11D1B /* settings.png */,
				3EAFC4801411F86300A11D1B /* social.png */,
			);
			name = Icons;
			sourceTree = "<group>";
		};
		3EAFC4861411F8EE00A11D1B /* News */ = {
			isa = PBXGroup;
			children = (
				3EAFC4871411F9D100A11D1B /* NewsViewController.h */,
				3EAFC4881411F9D100A11D1B /* NewsViewController.m */,
				3EAFC4891411F9D100A11D1B /* NewsViewController.xib */,
			);
			name = News;
			sourceTree = "<group>";
		};
		3EAFC48C1411FA1500A11D1B /* Tabs */ = {
			isa = PBXGroup;
			children = (
				3EAFC4861411F8EE00A11D1B /* News */,
				3EAFC48D1411FA1B00A11D1B /* Record */,
				3EAFC4901411FA6000A11D1B /* Files */,
				3EAFC48F1411FA5800A11D1B /* Social */,
				3EAFC48E1411FA4F00A11D1B /* Settings */,
			);
			name = Tabs;
			sourceTree = "<group>";
		};
		3EAFC48D1411FA1B00A11D1B /* Record */ = {
			isa = PBXGroup;
			children = (
				3EAFC4911411FB2800A11D1B /* RecordViewController.h */,
				3EAFC4921411FB2800A11D1B /* RecordViewController.m */,
				3EAFC4931411FB2800A11D1B /* RecordViewController.xib */,
			);
			name = Record;
			sourceTree = "<group>";
		};
		3EAFC48E1411FA4F00A11D1B /* Settings */ = {
			isa = PBXGroup;
			children = (
				3EAFC4961411FD0F00A11D1B /* SettingsViewController.h */,
				3EAFC4971411FD0F00A11D1B /* SettingsViewController.m */,
				3EAFC4981411FD0F00A11D1B /* SettingsViewController.xib */,
			);
			name = Settings;
			sourceTree = "<group>";
		};
		3EAFC48F1411FA5800A11D1B /* Social */ = {
			isa = PBXGroup;
			children = (
				3EAFC49B1411FD2800A11D1B /* SocialViewController.h */,
				3EAFC49C1411FD2800A11D1B /* SocialViewController.m */,
				3EAFC49D1411FD2800A11D1B /* SocialViewController.xib */,
			);
			name = Social;
			sourceTree = "<group>";
		};
		3EAFC4901411FA6000A11D1B /* Files */ = {
			isa = PBXGroup;
			children = (
				3E0559ED1411FF5D0067E518 /* FilesViewController.h */,
				3E0559EE1411FF5D0067E518 /* FilesViewController.m */,
				3E0559F5141200EF0067E518 /* FilesViewController.xib */,
			);
			name = Files;
			sourceTree = "<group>";
		};
/* End PBXGroup section */

/* Begin PBXNativeTarget section */
		3E413F581405E22900E27FFD /* EmotionRecognition */ = {
			isa = PBXNativeTarget;
			buildConfigurationList = 3E413F801405E22A00E27FFD /* Build configuration list for PBXNativeTarget "EmotionRecognition" */;
			buildPhases = (
				3E413F551405E22900E27FFD /* Sources */,
				3E413F561405E22900E27FFD /* Frameworks */,
				3E413F571405E22900E27FFD /* Resources */,
			);
			buildRules = (
			);
			dependencies = (
			);
			name = EmotionRecognition;
			productName = EmotionRecognition;
			productReference = 3E413F591405E22900E27FFD /* EmotionRecognition.app */;
			productType = "com.apple.product-type.application";
		};
/* End PBXNativeTarget section */

/* Begin PBXProject section */
		3E413F501405E22900E27FFD /* Project object */ = {
			isa = PBXProject;
			buildConfigurationList = 3E413F531405E22900E27FFD /* Build configuration list for PBXProject "EmotionRecognition" */;
			compatibilityVersion = "Xcode 3.2";
			developmentRegion = English;
			hasScannedForEncodings = 0;
			knownRegions = (
				en,
			);
			mainGroup = 3E413F4E1405E22900E27FFD;
			productRefGroup = 3E413F5A1405E22900E27FFD /* Products */;
			projectDirPath = "";
			projectRoot = "";
			targets = (
				3E413F581405E22900E27FFD /* EmotionRecognition */,
			);
		};
/* End PBXProject section */

/* Begin PBXResourcesBuildPhase section */
		3E413F571405E22900E27FFD /* Resources */ = {
			isa = PBXResourcesBuildPhase;
			buildActionMask = 2147483647;
			files = (
				3E413F681405E22900E27FFD /* InfoPlist.strings in Resources */,
				3E413F711405E22A00E27FFD /* MainWindow.xib in Resources */,
				3EAFC4481411F44300A11D1B /* README in Resources */,
				3EAFC47A1411F7C900A11D1B /* AudioFileDetailViewController.xib in Resources */,
				3EAFC4811411F86300A11D1B /* files.png in Resources */,
				3EAFC4821411F86300A11D1B /* news.png in Resources */,
				3EAFC4831411F86300A11D1B /* record.png in Resources */,
				3EAFC4841411F86300A11D1B /* settings.png in Resources */,
				3EAFC4851411F86300A11D1B /* social.png in Resources */,
				3EAFC48B1411F9D100A11D1B /* NewsViewController.xib in Resources */,
				3EAFC4951411FB2800A11D1B /* RecordViewController.xib in Resources */,
				3EAFC49A1411FD0F00A11D1B /* SettingsViewController.xib in Resources */,
				3EAFC49F1411FD2800A11D1B /* SocialViewController.xib in Resources */,
				3E0559F6141200EF0067E518 /* FilesViewController.xib in Resources */,
			);
			runOnlyForDeploymentPostprocessing = 0;
		};
/* End PBXResourcesBuildPhase section */

/* Begin PBXSourcesBuildPhase section */
		3E413F551405E22900E27FFD /* Sources */ = {
			isa = PBXSourcesBuildPhase;
			buildActionMask = 2147483647;
			files = (
				3E413F6A1405E22A00E27FFD /* main.m in Sources */,
				3E413F6E1405E22A00E27FFD /* EmotionRecognitionAppDelegate.m in Sources */,
				3EAFC4621411F6D000A11D1B /* ASIAuthenticationDialog.m in Sources */,
				3EAFC4631411F6D000A11D1B /* ASIDataCompressor.m in Sources */,
				3EAFC4641411F6D000A11D1B /* ASIDataDecompressor.m in Sources */,
				3EAFC4651411F6D000A11D1B /* ASIDownloadCache.m in Sources */,
				3EAFC4661411F6D000A11D1B /* ASIFormDataRequest.m in Sources */,
				3EAFC4671411F6D000A11D1B /* ASIHTTPRequest.m in Sources */,
				3EAFC4681411F6D000A11D1B /* ASIInputStream.m in Sources */,
				3EAFC4691411F6D000A11D1B /* ASINetworkQueue.m in Sources */,
				3EAFC46A1411F6D000A11D1B /* Reachability.m in Sources */,
				3EAFC4701411F73300A11D1B /* OCPasswordPromptView.m in Sources */,
				3EAFC4711411F73300A11D1B /* OCPromptView.m in Sources */,
				3EAFC4781411F7C900A11D1B /* AudioFile.m in Sources */,
				3EAFC4791411F7C900A11D1B /* AudioFileDetailViewController.m in Sources */,
				3EAFC48A1411F9D100A11D1B /* NewsViewController.m in Sources */,
				3EAFC4941411FB2800A11D1B /* RecordViewController.m in Sources */,
				3EAFC4991411FD0F00A11D1B /* SettingsViewController.m in Sources */,
				3EAFC49E1411FD2800A11D1B /* SocialViewController.m in Sources */,
				3E0559EF1411FF5D0067E518 /* FilesViewController.m in Sources */,
			);
			runOnlyForDeploymentPostprocessing = 0;
		};
/* End PBXSourcesBuildPhase section */

/* Begin PBXVariantGroup section */
		3E413F661405E22900E27FFD /* InfoPlist.strings */ = {
			isa = PBXVariantGroup;
			children = (
				3E413F671405E22900E27FFD /* en */,
			);
			name = InfoPlist.strings;
			sourceTree = "<group>";
		};
		3E413F6F1405E22A00E27FFD /* MainWindow.xib */ = {
			isa = PBXVariantGroup;
			children = (
				3E413F701405E22A00E27FFD /* en */,
			);
			name = MainWindow.xib;
			sourceTree = "<group>";
		};
/* End PBXVariantGroup section */

/* Begin XCBuildConfiguration section */
		3E413F7E1405E22A00E27FFD /* Debug */ = {
			isa = XCBuildConfiguration;
			buildSettings = {
				ALWAYS_SEARCH_USER_PATHS = NO;
				ARCHS = "$(ARCHS_STANDARD_32_BIT)";
				"CODE_SIGN_IDENTITY[sdk=iphoneos*]" = "iPhone Developer";
				COPY_PHASE_STRIP = NO;
				GCC_C_LANGUAGE_STANDARD = gnu99;
				GCC_DYNAMIC_NO_PIC = NO;
				GCC_OPTIMIZATION_LEVEL = 0;
				GCC_PREPROCESSOR_DEFINITIONS = (
					"DEBUG=1",
					"$(inherited)",
				);
				GCC_SYMBOLS_PRIVATE_EXTERN = NO;
				GCC_VERSION = com.apple.compilers.llvmgcc42;
				GCC_WARN_ABOUT_MISSING_PROTOTYPES = YES;
				GCC_WARN_ABOUT_RETURN_TYPE = YES;
				GCC_WARN_UNUSED_VARIABLE = YES;
				IPHONEOS_DEPLOYMENT_TARGET = 4.3;
				SDKROOT = iphoneos;
			};
			name = Debug;
		};
		3E413F7F1405E22A00E27FFD /* Release */ = {
			isa = XCBuildConfiguration;
			buildSettings = {
				ALWAYS_SEARCH_USER_PATHS = NO;
				ARCHS = "$(ARCHS_STANDARD_32_BIT)";
				"CODE_SIGN_IDENTITY[sdk=iphoneos*]" = "iPhone Developer";
				COPY_PHASE_STRIP = YES;
				GCC_C_LANGUAGE_STANDARD = gnu99;
				GCC_VERSION = com.apple.compilers.llvmgcc42;
				GCC_WARN_ABOUT_MISSING_PROTOTYPES = YES;
				GCC_WARN_ABOUT_RETURN_TYPE = YES;
				GCC_WARN_UNUSED_VARIABLE = YES;
				IPHONEOS_DEPLOYMENT_TARGET = 4.3;
				OTHER_CFLAGS = "-DNS_BLOCK_ASSERTIONS=1";
				SDKROOT = iphoneos;
				VALIDATE_PRODUCT = YES;
			};
			name = Release;
		};
		3E413F811405E22A00E27FFD /* Debug */ = {
			isa = XCBuildConfiguration;
			buildSettings = {
				GCC_PRECOMPILE_PREFIX_HEADER = YES;
				GCC_PREFIX_HEADER = "EmotionRecognition/EmotionRecognition-Prefix.pch";
				INFOPLIST_FILE = "EmotionRecognition/EmotionRecognition-Info.plist";
				PRODUCT_NAME = "$(TARGET_NAME)";
				WRAPPER_EXTENSION = app;
			};
			name = Debug;
		};
		3E413F821405E22A00E27FFD /* Release */ = {
			isa = XCBuildConfiguration;
			buildSettings = {
				GCC_PRECOMPILE_PREFIX_HEADER = YES;
				GCC_PREFIX_HEADER = "EmotionRecognition/EmotionRecognition-Prefix.pch";
				INFOPLIST_FILE = "EmotionRecognition/EmotionRecognition-Info.plist";
				PRODUCT_NAME = "$(TARGET_NAME)";
				WRAPPER_EXTENSION = app;
			};
			name = Release;
		};
/* End XCBuildConfiguration section */

/* Begin XCConfigurationList section */
		3E413F531405E22900E27FFD /* Build configuration list for PBXProject "EmotionRecognition" */ = {
			isa = XCConfigurationList;
			buildConfigurations = (
				3E413F7E1405E22A00E27FFD /* Debug */,
				3E413F7F1405E22A00E27FFD /* Release */,
			);
			defaultConfigurationIsVisible = 0;
			defaultConfigurationName = Release;
		};
		3E413F801405E22A00E27FFD /* Build configuration list for PBXNativeTarget "EmotionRecognition" */ = {
			isa = XCConfigurationList;
			buildConfigurations = (
				3E413F811405E22A00E27FFD /* Debug */,
				3E413F821405E22A00E27FFD /* Release */,
			);
			defaultConfigurationIsVisible = 0;
			defaultConfigurationName = Release;
		};
/* End XCConfigurationList section */
	};
	rootObject = 3E413F501405E22900E27FFD /* Project object */;
}
