// !$*UTF8*$!
{
	archiveVersion = 1;
	classes = {
	};
	objectVersion = 46;
	objects = {

/* Begin PBXBuildFile section */
		3E3F03F713D2174A0027BB55 /* UIKit.framework in Frameworks */ = {isa = PBXBuildFile; fileRef = 3E3F03F613D2174A0027BB55 /* UIKit.framework */; };
		3E3F03F913D2174A0027BB55 /* Foundation.framework in Frameworks */ = {isa = PBXBuildFile; fileRef = 3E3F03F813D2174A0027BB55 /* Foundation.framework */; };
		3E3F03FB13D2174A0027BB55 /* CoreGraphics.framework in Frameworks */ = {isa = PBXBuildFile; fileRef = 3E3F03FA13D2174A0027BB55 /* CoreGraphics.framework */; };
		3E3F040113D2174A0027BB55 /* InfoPlist.strings in Resources */ = {isa = PBXBuildFile; fileRef = 3E3F03FF13D2174A0027BB55 /* InfoPlist.strings */; };
		3E3F040413D2174A0027BB55 /* main.m in Sources */ = {isa = PBXBuildFile; fileRef = 3E3F040313D2174A0027BB55 /* main.m */; };
		3E3F040713D2174A0027BB55 /* AudioRecordingTest3AppDelegate.m in Sources */ = {isa = PBXBuildFile; fileRef = 3E3F040613D2174A0027BB55 /* AudioRecordingTest3AppDelegate.m */; };
		3E3F040A13D2174A0027BB55 /* MainWindow.xib in Resources */ = {isa = PBXBuildFile; fileRef = 3E3F040813D2174A0027BB55 /* MainWindow.xib */; };
		3E3F040D13D2174A0027BB55 /* RootViewController.m in Sources */ = {isa = PBXBuildFile; fileRef = 3E3F040C13D2174A0027BB55 /* RootViewController.m */; };
		3E3F041013D2174A0027BB55 /* RootViewController.xib in Resources */ = {isa = PBXBuildFile; fileRef = 3E3F040E13D2174A0027BB55 /* RootViewController.xib */; };
		3E3F041713D2174A0027BB55 /* UIKit.framework in Frameworks */ = {isa = PBXBuildFile; fileRef = 3E3F03F613D2174A0027BB55 /* UIKit.framework */; };
		3E3F041813D2174A0027BB55 /* Foundation.framework in Frameworks */ = {isa = PBXBuildFile; fileRef = 3E3F03F813D2174A0027BB55 /* Foundation.framework */; };
		3E3F041913D2174A0027BB55 /* CoreGraphics.framework in Frameworks */ = {isa = PBXBuildFile; fileRef = 3E3F03FA13D2174A0027BB55 /* CoreGraphics.framework */; };
		3E3F042113D2174A0027BB55 /* InfoPlist.strings in Resources */ = {isa = PBXBuildFile; fileRef = 3E3F041F13D2174A0027BB55 /* InfoPlist.strings */; };
		3E3F042413D2174A0027BB55 /* AudioRecordingTest3Tests.h in Resources */ = {isa = PBXBuildFile; fileRef = 3E3F042313D2174A0027BB55 /* AudioRecordingTest3Tests.h */; };
		3E3F042613D2174A0027BB55 /* AudioRecordingTest3Tests.m in Sources */ = {isa = PBXBuildFile; fileRef = 3E3F042513D2174A0027BB55 /* AudioRecordingTest3Tests.m */; };
		3E3F043313D226620027BB55 /* AudioFile.m in Sources */ = {isa = PBXBuildFile; fileRef = 3E3F043213D226620027BB55 /* AudioFile.m */; };
		3E3F043F13D23CD80027BB55 /* AudioFileDetailViewController.m in Sources */ = {isa = PBXBuildFile; fileRef = 3E3F043D13D23CD80027BB55 /* AudioFileDetailViewController.m */; };
		3E3F044013D23CD80027BB55 /* AudioFileDetailViewController.xib in Resources */ = {isa = PBXBuildFile; fileRef = 3E3F043E13D23CD80027BB55 /* AudioFileDetailViewController.xib */; };
		3E7E340013D510A800B2D40F /* AVFoundation.framework in Frameworks */ = {isa = PBXBuildFile; fileRef = 3E7E33FF13D510A800B2D40F /* AVFoundation.framework */; };
		3E7E340213D510B000B2D40F /* CFNetwork.framework in Frameworks */ = {isa = PBXBuildFile; fileRef = 3E7E340113D510B000B2D40F /* CFNetwork.framework */; };
		3E7E340A13D5202500B2D40F /* OCPromptView.m in Sources */ = {isa = PBXBuildFile; fileRef = 3E7E340513D5202500B2D40F /* OCPromptView.m */; };
		3E7E341713D52A1E00B2D40F /* OCPasswordPromptView.m in Sources */ = {isa = PBXBuildFile; fileRef = 3E7E341613D52A1E00B2D40F /* OCPasswordPromptView.m */; };
		3EAF7C7013D5418400147E7C /* ASIAuthenticationDialog.m in Sources */ = {isa = PBXBuildFile; fileRef = 3EAF7C1F13D5418400147E7C /* ASIAuthenticationDialog.m */; };
		3EAF7C7113D5418400147E7C /* ASIDataCompressor.m in Sources */ = {isa = PBXBuildFile; fileRef = 3EAF7C2213D5418400147E7C /* ASIDataCompressor.m */; };
		3EAF7C7213D5418400147E7C /* ASIDataDecompressor.m in Sources */ = {isa = PBXBuildFile; fileRef = 3EAF7C2413D5418400147E7C /* ASIDataDecompressor.m */; };
		3EAF7C7313D5418400147E7C /* ASIDownloadCache.m in Sources */ = {isa = PBXBuildFile; fileRef = 3EAF7C2613D5418400147E7C /* ASIDownloadCache.m */; };
		3EAF7C7413D5418400147E7C /* ASIFormDataRequest.m in Sources */ = {isa = PBXBuildFile; fileRef = 3EAF7C2813D5418400147E7C /* ASIFormDataRequest.m */; };
		3EAF7C7513D5418400147E7C /* ASIHTTPRequest.m in Sources */ = {isa = PBXBuildFile; fileRef = 3EAF7C2A13D5418400147E7C /* ASIHTTPRequest.m */; };
		3EAF7C7613D5418400147E7C /* ASIInputStream.m in Sources */ = {isa = PBXBuildFile; fileRef = 3EAF7C2E13D5418400147E7C /* ASIInputStream.m */; };
		3EAF7C7713D5418400147E7C /* ASINetworkQueue.m in Sources */ = {isa = PBXBuildFile; fileRef = 3EAF7C3013D5418400147E7C /* ASINetworkQueue.m */; };
		3EAF7C9813D5426C00147E7C /* Reachability.m in Sources */ = {isa = PBXBuildFile; fileRef = 3EAF7C9713D5426C00147E7C /* Reachability.m */; };
		3EAF7CA613D543C000147E7C /* SystemConfiguration.framework in Frameworks */ = {isa = PBXBuildFile; fileRef = 3EAF7CA513D543C000147E7C /* SystemConfiguration.framework */; };
		3EAF7CA813D543D100147E7C /* MobileCoreServices.framework in Frameworks */ = {isa = PBXBuildFile; fileRef = 3EAF7CA713D543D100147E7C /* MobileCoreServices.framework */; };
		3EAF7CAA13D543EC00147E7C /* libz.1.1.3.dylib in Frameworks */ = {isa = PBXBuildFile; fileRef = 3EAF7CA913D543EC00147E7C /* libz.1.1.3.dylib */; };
		3EAF7CB913D579BF00147E7C /* MBProgressHUD.m in Sources */ = {isa = PBXBuildFile; fileRef = 3EAF7CB813D579BF00147E7C /* MBProgressHUD.m */; };
/* End PBXBuildFile section */

/* Begin PBXContainerItemProxy section */
		3E3F041A13D2174A0027BB55 /* PBXContainerItemProxy */ = {
			isa = PBXContainerItemProxy;
			containerPortal = 3E3F03E913D2174A0027BB55 /* Project object */;
			proxyType = 1;
			remoteGlobalIDString = 3E3F03F113D2174A0027BB55;
			remoteInfo = AudioRecordingTest3;
		};
/* End PBXContainerItemProxy section */

/* Begin PBXFileReference section */
		3E3F03F213D2174A0027BB55 /* AudioRecordingTest3.app */ = {isa = PBXFileReference; explicitFileType = wrapper.application; includeInIndex = 0; path = AudioRecordingTest3.app; sourceTree = BUILT_PRODUCTS_DIR; };
		3E3F03F613D2174A0027BB55 /* UIKit.framework */ = {isa = PBXFileReference; lastKnownFileType = wrapper.framework; name = UIKit.framework; path = System/Library/Frameworks/UIKit.framework; sourceTree = SDKROOT; };
		3E3F03F813D2174A0027BB55 /* Foundation.framework */ = {isa = PBXFileReference; lastKnownFileType = wrapper.framework; name = Foundation.framework; path = System/Library/Frameworks/Foundation.framework; sourceTree = SDKROOT; };
		3E3F03FA13D2174A0027BB55 /* CoreGraphics.framework */ = {isa = PBXFileReference; lastKnownFileType = wrapper.framework; name = CoreGraphics.framework; path = System/Library/Frameworks/CoreGraphics.framework; sourceTree = SDKROOT; };
		3E3F03FE13D2174A0027BB55 /* AudioRecordingTest3-Info.plist */ = {isa = PBXFileReference; lastKnownFileType = text.plist.xml; path = "AudioRecordingTest3-Info.plist"; sourceTree = "<group>"; };
		3E3F040013D2174A0027BB55 /* en */ = {isa = PBXFileReference; lastKnownFileType = text.plist.strings; name = en; path = en.lproj/InfoPlist.strings; sourceTree = "<group>"; };
		3E3F040213D2174A0027BB55 /* AudioRecordingTest3-Prefix.pch */ = {isa = PBXFileReference; lastKnownFileType = sourcecode.c.h; path = "AudioRecordingTest3-Prefix.pch"; sourceTree = "<group>"; };
		3E3F040313D2174A0027BB55 /* main.m */ = {isa = PBXFileReference; lastKnownFileType = sourcecode.c.objc; path = main.m; sourceTree = "<group>"; };
		3E3F040513D2174A0027BB55 /* AudioRecordingTest3AppDelegate.h */ = {isa = PBXFileReference; lastKnownFileType = sourcecode.c.h; path = AudioRecordingTest3AppDelegate.h; sourceTree = "<group>"; };
		3E3F040613D2174A0027BB55 /* AudioRecordingTest3AppDelegate.m */ = {isa = PBXFileReference; lastKnownFileType = sourcecode.c.objc; path = AudioRecordingTest3AppDelegate.m; sourceTree = "<group>"; };
		3E3F040913D2174A0027BB55 /* en */ = {isa = PBXFileReference; lastKnownFileType = file.xib; name = en; path = en.lproj/MainWindow.xib; sourceTree = "<group>"; };
		3E3F040B13D2174A0027BB55 /* RootViewController.h */ = {isa = PBXFileReference; lastKnownFileType = sourcecode.c.h; path = RootViewController.h; sourceTree = "<group>"; };
		3E3F040C13D2174A0027BB55 /* RootViewController.m */ = {isa = PBXFileReference; lastKnownFileType = sourcecode.c.objc; path = RootViewController.m; sourceTree = "<group>"; };
		3E3F040F13D2174A0027BB55 /* en */ = {isa = PBXFileReference; lastKnownFileType = file.xib; name = en; path = en.lproj/RootViewController.xib; sourceTree = "<group>"; };
		3E3F041613D2174A0027BB55 /* AudioRecordingTest3Tests.octest */ = {isa = PBXFileReference; explicitFileType = wrapper.cfbundle; includeInIndex = 0; path = AudioRecordingTest3Tests.octest; sourceTree = BUILT_PRODUCTS_DIR; };
		3E3F041E13D2174A0027BB55 /* AudioRecordingTest3Tests-Info.plist */ = {isa = PBXFileReference; lastKnownFileType = text.plist.xml; path = "AudioRecordingTest3Tests-Info.plist"; sourceTree = "<group>"; };
		3E3F042013D2174A0027BB55 /* en */ = {isa = PBXFileReference; lastKnownFileType = text.plist.strings; name = en; path = en.lproj/InfoPlist.strings; sourceTree = "<group>"; };
		3E3F042213D2174A0027BB55 /* AudioRecordingTest3Tests-Prefix.pch */ = {isa = PBXFileReference; lastKnownFileType = sourcecode.c.h; path = "AudioRecordingTest3Tests-Prefix.pch"; sourceTree = "<group>"; };
		3E3F042313D2174A0027BB55 /* AudioRecordingTest3Tests.h */ = {isa = PBXFileReference; lastKnownFileType = sourcecode.c.h; path = AudioRecordingTest3Tests.h; sourceTree = "<group>"; };
		3E3F042513D2174A0027BB55 /* AudioRecordingTest3Tests.m */ = {isa = PBXFileReference; lastKnownFileType = sourcecode.c.objc; path = AudioRecordingTest3Tests.m; sourceTree = "<group>"; };
		3E3F043113D226620027BB55 /* AudioFile.h */ = {isa = PBXFileReference; fileEncoding = 4; lastKnownFileType = sourcecode.c.h; path = AudioFile.h; sourceTree = "<group>"; };
		3E3F043213D226620027BB55 /* AudioFile.m */ = {isa = PBXFileReference; fileEncoding = 4; lastKnownFileType = sourcecode.c.objc; path = AudioFile.m; sourceTree = "<group>"; };
		3E3F043C13D23CD80027BB55 /* AudioFileDetailViewController.h */ = {isa = PBXFileReference; fileEncoding = 4; lastKnownFileType = sourcecode.c.h; path = AudioFileDetailViewController.h; sourceTree = "<group>"; };
		3E3F043D13D23CD80027BB55 /* AudioFileDetailViewController.m */ = {isa = PBXFileReference; fileEncoding = 4; lastKnownFileType = sourcecode.c.objc; path = AudioFileDetailViewController.m; sourceTree = "<group>"; };
		3E3F043E13D23CD80027BB55 /* AudioFileDetailViewController.xib */ = {isa = PBXFileReference; fileEncoding = 4; lastKnownFileType = file.xib; path = AudioFileDetailViewController.xib; sourceTree = "<group>"; };
		3E7E33FF13D510A800B2D40F /* AVFoundation.framework */ = {isa = PBXFileReference; lastKnownFileType = wrapper.framework; name = AVFoundation.framework; path = System/Library/Frameworks/AVFoundation.framework; sourceTree = SDKROOT; };
		3E7E340113D510B000B2D40F /* CFNetwork.framework */ = {isa = PBXFileReference; lastKnownFileType = wrapper.framework; name = CFNetwork.framework; path = System/Library/Frameworks/CFNetwork.framework; sourceTree = SDKROOT; };
		3E7E340413D5202500B2D40F /* OCPromptView.h */ = {isa = PBXFileReference; fileEncoding = 4; lastKnownFileType = sourcecode.c.h; path = OCPromptView.h; sourceTree = "<group>"; };
		3E7E340513D5202500B2D40F /* OCPromptView.m */ = {isa = PBXFileReference; fileEncoding = 4; lastKnownFileType = sourcecode.c.objc; path = OCPromptView.m; sourceTree = "<group>"; };
		3E7E341513D52A1E00B2D40F /* OCPasswordPromptView.h */ = {isa = PBXFileReference; fileEncoding = 4; lastKnownFileType = sourcecode.c.h; path = OCPasswordPromptView.h; sourceTree = "<group>"; };
		3E7E341613D52A1E00B2D40F /* OCPasswordPromptView.m */ = {isa = PBXFileReference; fileEncoding = 4; lastKnownFileType = sourcecode.c.objc; path = OCPasswordPromptView.m; sourceTree = "<group>"; };
		3EAF7C1E13D5418400147E7C /* ASIAuthenticationDialog.h */ = {isa = PBXFileReference; fileEncoding = 4; lastKnownFileType = sourcecode.c.h; path = ASIAuthenticationDialog.h; sourceTree = "<group>"; };
		3EAF7C1F13D5418400147E7C /* ASIAuthenticationDialog.m */ = {isa = PBXFileReference; fileEncoding = 4; lastKnownFileType = sourcecode.c.objc; path = ASIAuthenticationDialog.m; sourceTree = "<group>"; };
		3EAF7C2013D5418400147E7C /* ASICacheDelegate.h */ = {isa = PBXFileReference; fileEncoding = 4; lastKnownFileType = sourcecode.c.h; path = ASICacheDelegate.h; sourceTree = "<group>"; };
		3EAF7C2113D5418400147E7C /* ASIDataCompressor.h */ = {isa = PBXFileReference; fileEncoding = 4; lastKnownFileType = sourcecode.c.h; path = ASIDataCompressor.h; sourceTree = "<group>"; };
		3EAF7C2213D5418400147E7C /* ASIDataCompressor.m */ = {isa = PBXFileReference; fileEncoding = 4; lastKnownFileType = sourcecode.c.objc; path = ASIDataCompressor.m; sourceTree = "<group>"; };
		3EAF7C2313D5418400147E7C /* ASIDataDecompressor.h */ = {isa = PBXFileReference; fileEncoding = 4; lastKnownFileType = sourcecode.c.h; path = ASIDataDecompressor.h; sourceTree = "<group>"; };
		3EAF7C2413D5418400147E7C /* ASIDataDecompressor.m */ = {isa = PBXFileReference; fileEncoding = 4; lastKnownFileType = sourcecode.c.objc; path = ASIDataDecompressor.m; sourceTree = "<group>"; };
		3EAF7C2513D5418400147E7C /* ASIDownloadCache.h */ = {isa = PBXFileReference; fileEncoding = 4; lastKnownFileType = sourcecode.c.h; path = ASIDownloadCache.h; sourceTree = "<group>"; };
		3EAF7C2613D5418400147E7C /* ASIDownloadCache.m */ = {isa = PBXFileReference; fileEncoding = 4; lastKnownFileType = sourcecode.c.objc; path = ASIDownloadCache.m; sourceTree = "<group>"; };
		3EAF7C2713D5418400147E7C /* ASIFormDataRequest.h */ = {isa = PBXFileReference; fileEncoding = 4; lastKnownFileType = sourcecode.c.h; path = ASIFormDataRequest.h; sourceTree = "<group>"; };
		3EAF7C2813D5418400147E7C /* ASIFormDataRequest.m */ = {isa = PBXFileReference; fileEncoding = 4; lastKnownFileType = sourcecode.c.objc; path = ASIFormDataRequest.m; sourceTree = "<group>"; };
		3EAF7C2913D5418400147E7C /* ASIHTTPRequest.h */ = {isa = PBXFileReference; fileEncoding = 4; lastKnownFileType = sourcecode.c.h; path = ASIHTTPRequest.h; sourceTree = "<group>"; };
		3EAF7C2A13D5418400147E7C /* ASIHTTPRequest.m */ = {isa = PBXFileReference; fileEncoding = 4; lastKnownFileType = sourcecode.c.objc; path = ASIHTTPRequest.m; sourceTree = "<group>"; };
		3EAF7C2B13D5418400147E7C /* ASIHTTPRequestConfig.h */ = {isa = PBXFileReference; fileEncoding = 4; lastKnownFileType = sourcecode.c.h; path = ASIHTTPRequestConfig.h; sourceTree = "<group>"; };
		3EAF7C2C13D5418400147E7C /* ASIHTTPRequestDelegate.h */ = {isa = PBXFileReference; fileEncoding = 4; lastKnownFileType = sourcecode.c.h; path = ASIHTTPRequestDelegate.h; sourceTree = "<group>"; };
		3EAF7C2D13D5418400147E7C /* ASIInputStream.h */ = {isa = PBXFileReference; fileEncoding = 4; lastKnownFileType = sourcecode.c.h; path = ASIInputStream.h; sourceTree = "<group>"; };
		3EAF7C2E13D5418400147E7C /* ASIInputStream.m */ = {isa = PBXFileReference; fileEncoding = 4; lastKnownFileType = sourcecode.c.objc; path = ASIInputStream.m; sourceTree = "<group>"; };
		3EAF7C2F13D5418400147E7C /* ASINetworkQueue.h */ = {isa = PBXFileReference; fileEncoding = 4; lastKnownFileType = sourcecode.c.h; path = ASINetworkQueue.h; sourceTree = "<group>"; };
		3EAF7C3013D5418400147E7C /* ASINetworkQueue.m */ = {isa = PBXFileReference; fileEncoding = 4; lastKnownFileType = sourcecode.c.objc; path = ASINetworkQueue.m; sourceTree = "<group>"; };
		3EAF7C3113D5418400147E7C /* ASIProgressDelegate.h */ = {isa = PBXFileReference; fileEncoding = 4; lastKnownFileType = sourcecode.c.h; path = ASIProgressDelegate.h; sourceTree = "<group>"; };
		3EAF7C9613D5426C00147E7C /* Reachability.h */ = {isa = PBXFileReference; fileEncoding = 4; lastKnownFileType = sourcecode.c.h; path = Reachability.h; sourceTree = "<group>"; };
		3EAF7C9713D5426C00147E7C /* Reachability.m */ = {isa = PBXFileReference; fileEncoding = 4; lastKnownFileType = sourcecode.c.objc; path = Reachability.m; sourceTree = "<group>"; };
		3EAF7CA513D543C000147E7C /* SystemConfiguration.framework */ = {isa = PBXFileReference; lastKnownFileType = wrapper.framework; name = SystemConfiguration.framework; path = System/Library/Frameworks/SystemConfiguration.framework; sourceTree = SDKROOT; };
		3EAF7CA713D543D100147E7C /* MobileCoreServices.framework */ = {isa = PBXFileReference; lastKnownFileType = wrapper.framework; name = MobileCoreServices.framework; path = System/Library/Frameworks/MobileCoreServices.framework; sourceTree = SDKROOT; };
		3EAF7CA913D543EC00147E7C /* libz.1.1.3.dylib */ = {isa = PBXFileReference; lastKnownFileType = "compiled.mach-o.dylib"; name = libz.1.1.3.dylib; path = usr/lib/libz.1.1.3.dylib; sourceTree = SDKROOT; };
		3EAF7CB713D579BF00147E7C /* MBProgressHUD.h */ = {isa = PBXFileReference; fileEncoding = 4; lastKnownFileType = sourcecode.c.h; path = MBProgressHUD.h; sourceTree = "<group>"; };
		3EAF7CB813D579BF00147E7C /* MBProgressHUD.m */ = {isa = PBXFileReference; fileEncoding = 4; lastKnownFileType = sourcecode.c.objc; path = MBProgressHUD.m; sourceTree = "<group>"; };
/* End PBXFileReference section */

/* Begin PBXFrameworksBuildPhase section */
		3E3F03EF13D2174A0027BB55 /* Frameworks */ = {
			isa = PBXFrameworksBuildPhase;
			buildActionMask = 2147483647;
			files = (
				3EAF7CAA13D543EC00147E7C /* libz.1.1.3.dylib in Frameworks */,
				3EAF7CA813D543D100147E7C /* MobileCoreServices.framework in Frameworks */,
				3EAF7CA613D543C000147E7C /* SystemConfiguration.framework in Frameworks */,
				3E7E340213D510B000B2D40F /* CFNetwork.framework in Frameworks */,
				3E7E340013D510A800B2D40F /* AVFoundation.framework in Frameworks */,
				3E3F03F713D2174A0027BB55 /* UIKit.framework in Frameworks */,
				3E3F03F913D2174A0027BB55 /* Foundation.framework in Frameworks */,
				3E3F03FB13D2174A0027BB55 /* CoreGraphics.framework in Frameworks */,
			);
			runOnlyForDeploymentPostprocessing = 0;
		};
		3E3F041213D2174A0027BB55 /* Frameworks */ = {
			isa = PBXFrameworksBuildPhase;
			buildActionMask = 2147483647;
			files = (
				3E3F041713D2174A0027BB55 /* UIKit.framework in Frameworks */,
				3E3F041813D2174A0027BB55 /* Foundation.framework in Frameworks */,
				3E3F041913D2174A0027BB55 /* CoreGraphics.framework in Frameworks */,
			);
			runOnlyForDeploymentPostprocessing = 0;
		};
/* End PBXFrameworksBuildPhase section */

/* Begin PBXGroup section */
		3E3F03E713D2174A0027BB55 = {
			isa = PBXGroup;
			children = (
				3EAF7CA913D543EC00147E7C /* libz.1.1.3.dylib */,
				3EAF7CA713D543D100147E7C /* MobileCoreServices.framework */,
				3EAF7CA513D543C000147E7C /* SystemConfiguration.framework */,
				3E7E340113D510B000B2D40F /* CFNetwork.framework */,
				3E7E33FF13D510A800B2D40F /* AVFoundation.framework */,
				3E3F03FC13D2174A0027BB55 /* AudioRecordingTest3 */,
				3E3F041C13D2174A0027BB55 /* AudioRecordingTest3Tests */,
				3E3F03F513D2174A0027BB55 /* Frameworks */,
				3E3F03F313D2174A0027BB55 /* Products */,
			);
			sourceTree = "<group>";
		};
		3E3F03F313D2174A0027BB55 /* Products */ = {
			isa = PBXGroup;
			children = (
				3E3F03F213D2174A0027BB55 /* AudioRecordingTest3.app */,
				3E3F041613D2174A0027BB55 /* AudioRecordingTest3Tests.octest */,
			);
			name = Products;
			sourceTree = "<group>";
		};
		3E3F03F513D2174A0027BB55 /* Frameworks */ = {
			isa = PBXGroup;
			children = (
				3E3F03F613D2174A0027BB55 /* UIKit.framework */,
				3E3F03F813D2174A0027BB55 /* Foundation.framework */,
				3E3F03FA13D2174A0027BB55 /* CoreGraphics.framework */,
			);
			name = Frameworks;
			sourceTree = "<group>";
		};
		3E3F03FC13D2174A0027BB55 /* AudioRecordingTest3 */ = {
			isa = PBXGroup;
			children = (
				3EAF7C1C13D5416300147E7C /* ASIHTTP */,
				3E7E340413D5202500B2D40F /* OCPromptView.h */,
				3E7E340513D5202500B2D40F /* OCPromptView.m */,
				3E7E341513D52A1E00B2D40F /* OCPasswordPromptView.h */,
				3E7E341613D52A1E00B2D40F /* OCPasswordPromptView.m */,
				3E3F040513D2174A0027BB55 /* AudioRecordingTest3AppDelegate.h */,
				3E3F040613D2174A0027BB55 /* AudioRecordingTest3AppDelegate.m */,
				3E3F040813D2174A0027BB55 /* MainWindow.xib */,
				3E3F040B13D2174A0027BB55 /* RootViewController.h */,
				3E3F040C13D2174A0027BB55 /* RootViewController.m */,
				3E3F040E13D2174A0027BB55 /* RootViewController.xib */,
				3E3F043113D226620027BB55 /* AudioFile.h */,
				3E3F043213D226620027BB55 /* AudioFile.m */,
				3E3F043C13D23CD80027BB55 /* AudioFileDetailViewController.h */,
				3E3F043D13D23CD80027BB55 /* AudioFileDetailViewController.m */,
				3E3F043E13D23CD80027BB55 /* AudioFileDetailViewController.xib */,
				3EAF7CB713D579BF00147E7C /* MBProgressHUD.h */,
				3EAF7CB813D579BF00147E7C /* MBProgressHUD.m */,
				3E3F03FD13D2174A0027BB55 /* Supporting Files */,
			);
			path = AudioRecordingTest3;
			sourceTree = "<group>";
		};
		3E3F03FD13D2174A0027BB55 /* Supporting Files */ = {
			isa = PBXGroup;
			children = (
				3E3F03FE13D2174A0027BB55 /* AudioRecordingTest3-Info.plist */,
				3E3F03FF13D2174A0027BB55 /* InfoPlist.strings */,
				3E3F040213D2174A0027BB55 /* AudioRecordingTest3-Prefix.pch */,
				3E3F040313D2174A0027BB55 /* main.m */,
			);
			name = "Supporting Files";
			sourceTree = "<group>";
		};
		3E3F041C13D2174A0027BB55 /* AudioRecordingTest3Tests */ = {
			isa = PBXGroup;
			children = (
				3E3F042313D2174A0027BB55 /* AudioRecordingTest3Tests.h */,
				3E3F042513D2174A0027BB55 /* AudioRecordingTest3Tests.m */,
				3E3F041D13D2174A0027BB55 /* Supporting Files */,
			);
			path = AudioRecordingTest3Tests;
			sourceTree = "<group>";
		};
		3E3F041D13D2174A0027BB55 /* Supporting Files */ = {
			isa = PBXGroup;
			children = (
				3E3F041E13D2174A0027BB55 /* AudioRecordingTest3Tests-Info.plist */,
				3E3F041F13D2174A0027BB55 /* InfoPlist.strings */,
				3E3F042213D2174A0027BB55 /* AudioRecordingTest3Tests-Prefix.pch */,
			);
			name = "Supporting Files";
			sourceTree = "<group>";
		};
		3EAF7C1C13D5416300147E7C /* ASIHTTP */ = {
			isa = PBXGroup;
			children = (
				3EAF7C9513D5426C00147E7C /* Reachability */,
				3EAF7C1E13D5418400147E7C /* ASIAuthenticationDialog.h */,
				3EAF7C1F13D5418400147E7C /* ASIAuthenticationDialog.m */,
				3EAF7C2013D5418400147E7C /* ASICacheDelegate.h */,
				3EAF7C2113D5418400147E7C /* ASIDataCompressor.h */,
				3EAF7C2213D5418400147E7C /* ASIDataCompressor.m */,
				3EAF7C2313D5418400147E7C /* ASIDataDecompressor.h */,
				3EAF7C2413D5418400147E7C /* ASIDataDecompressor.m */,
				3EAF7C2513D5418400147E7C /* ASIDownloadCache.h */,
				3EAF7C2613D5418400147E7C /* ASIDownloadCache.m */,
				3EAF7C2713D5418400147E7C /* ASIFormDataRequest.h */,
				3EAF7C2813D5418400147E7C /* ASIFormDataRequest.m */,
				3EAF7C2913D5418400147E7C /* ASIHTTPRequest.h */,
				3EAF7C2A13D5418400147E7C /* ASIHTTPRequest.m */,
				3EAF7C2B13D5418400147E7C /* ASIHTTPRequestConfig.h */,
				3EAF7C2C13D5418400147E7C /* ASIHTTPRequestDelegate.h */,
				3EAF7C2D13D5418400147E7C /* ASIInputStream.h */,
				3EAF7C2E13D5418400147E7C /* ASIInputStream.m */,
				3EAF7C2F13D5418400147E7C /* ASINetworkQueue.h */,
				3EAF7C3013D5418400147E7C /* ASINetworkQueue.m */,
				3EAF7C3113D5418400147E7C /* ASIProgressDelegate.h */,
			);
			name = ASIHTTP;
			sourceTree = "<group>";
		};
		3EAF7C9513D5426C00147E7C /* Reachability */ = {
			isa = PBXGroup;
			children = (
				3EAF7C9613D5426C00147E7C /* Reachability.h */,
				3EAF7C9713D5426C00147E7C /* Reachability.m */,
			);
			path = Reachability;
			sourceTree = "<group>";
		};
/* End PBXGroup section */

/* Begin PBXNativeTarget section */
		3E3F03F113D2174A0027BB55 /* AudioRecordingTest3 */ = {
			isa = PBXNativeTarget;
			buildConfigurationList = 3E3F042913D2174A0027BB55 /* Build configuration list for PBXNativeTarget "AudioRecordingTest3" */;
			buildPhases = (
				3E3F03EE13D2174A0027BB55 /* Sources */,
				3E3F03EF13D2174A0027BB55 /* Frameworks */,
				3E3F03F013D2174A0027BB55 /* Resources */,
			);
			buildRules = (
			);
			dependencies = (
			);
			name = AudioRecordingTest3;
			productName = AudioRecordingTest3;
			productReference = 3E3F03F213D2174A0027BB55 /* AudioRecordingTest3.app */;
			productType = "com.apple.product-type.application";
		};
		3E3F041513D2174A0027BB55 /* AudioRecordingTest3Tests */ = {
			isa = PBXNativeTarget;
			buildConfigurationList = 3E3F042C13D2174A0027BB55 /* Build configuration list for PBXNativeTarget "AudioRecordingTest3Tests" */;
			buildPhases = (
				3E3F041113D2174A0027BB55 /* Sources */,
				3E3F041213D2174A0027BB55 /* Frameworks */,
				3E3F041313D2174A0027BB55 /* Resources */,
				3E3F041413D2174A0027BB55 /* ShellScript */,
			);
			buildRules = (
			);
			dependencies = (
				3E3F041B13D2174A0027BB55 /* PBXTargetDependency */,
			);
			name = AudioRecordingTest3Tests;
			productName = AudioRecordingTest3Tests;
			productReference = 3E3F041613D2174A0027BB55 /* AudioRecordingTest3Tests.octest */;
			productType = "com.apple.product-type.bundle";
		};
/* End PBXNativeTarget section */

/* Begin PBXProject section */
		3E3F03E913D2174A0027BB55 /* Project object */ = {
			isa = PBXProject;
			buildConfigurationList = 3E3F03EC13D2174A0027BB55 /* Build configuration list for PBXProject "AudioRecordingTest3" */;
			compatibilityVersion = "Xcode 3.2";
			developmentRegion = English;
			hasScannedForEncodings = 0;
			knownRegions = (
				en,
			);
			mainGroup = 3E3F03E713D2174A0027BB55;
			productRefGroup = 3E3F03F313D2174A0027BB55 /* Products */;
			projectDirPath = "";
			projectRoot = "";
			targets = (
				3E3F03F113D2174A0027BB55 /* AudioRecordingTest3 */,
				3E3F041513D2174A0027BB55 /* AudioRecordingTest3Tests */,
			);
		};
/* End PBXProject section */

/* Begin PBXResourcesBuildPhase section */
		3E3F03F013D2174A0027BB55 /* Resources */ = {
			isa = PBXResourcesBuildPhase;
			buildActionMask = 2147483647;
			files = (
				3E3F040113D2174A0027BB55 /* InfoPlist.strings in Resources */,
				3E3F040A13D2174A0027BB55 /* MainWindow.xib in Resources */,
				3E3F041013D2174A0027BB55 /* RootViewController.xib in Resources */,
				3E3F044013D23CD80027BB55 /* AudioFileDetailViewController.xib in Resources */,
			);
			runOnlyForDeploymentPostprocessing = 0;
		};
		3E3F041313D2174A0027BB55 /* Resources */ = {
			isa = PBXResourcesBuildPhase;
			buildActionMask = 2147483647;
			files = (
				3E3F042113D2174A0027BB55 /* InfoPlist.strings in Resources */,
				3E3F042413D2174A0027BB55 /* AudioRecordingTest3Tests.h in Resources */,
			);
			runOnlyForDeploymentPostprocessing = 0;
		};
/* End PBXResourcesBuildPhase section */

/* Begin PBXShellScriptBuildPhase section */
		3E3F041413D2174A0027BB55 /* ShellScript */ = {
			isa = PBXShellScriptBuildPhase;
			buildActionMask = 2147483647;
			files = (
			);
			inputPaths = (
			);
			outputPaths = (
			);
			runOnlyForDeploymentPostprocessing = 0;
			shellPath = /bin/sh;
			shellScript = "# Run the unit tests in this test bundle.\n\"${SYSTEM_DEVELOPER_DIR}/Tools/RunUnitTests\"\n";
		};
/* End PBXShellScriptBuildPhase section */

/* Begin PBXSourcesBuildPhase section */
		3E3F03EE13D2174A0027BB55 /* Sources */ = {
			isa = PBXSourcesBuildPhase;
			buildActionMask = 2147483647;
			files = (
				3E3F040413D2174A0027BB55 /* main.m in Sources */,
				3E3F040713D2174A0027BB55 /* AudioRecordingTest3AppDelegate.m in Sources */,
				3E3F040D13D2174A0027BB55 /* RootViewController.m in Sources */,
				3E3F043313D226620027BB55 /* AudioFile.m in Sources */,
				3E3F043F13D23CD80027BB55 /* AudioFileDetailViewController.m in Sources */,
				3E7E340A13D5202500B2D40F /* OCPromptView.m in Sources */,
				3E7E341713D52A1E00B2D40F /* OCPasswordPromptView.m in Sources */,
				3EAF7C7013D5418400147E7C /* ASIAuthenticationDialog.m in Sources */,
				3EAF7C7113D5418400147E7C /* ASIDataCompressor.m in Sources */,
				3EAF7C7213D5418400147E7C /* ASIDataDecompressor.m in Sources */,
				3EAF7C7313D5418400147E7C /* ASIDownloadCache.m in Sources */,
				3EAF7C7413D5418400147E7C /* ASIFormDataRequest.m in Sources */,
				3EAF7C7513D5418400147E7C /* ASIHTTPRequest.m in Sources */,
				3EAF7C7613D5418400147E7C /* ASIInputStream.m in Sources */,
				3EAF7C7713D5418400147E7C /* ASINetworkQueue.m in Sources */,
				3EAF7C9813D5426C00147E7C /* Reachability.m in Sources */,
				3EAF7CB913D579BF00147E7C /* MBProgressHUD.m in Sources */,
			);
			runOnlyForDeploymentPostprocessing = 0;
		};
		3E3F041113D2174A0027BB55 /* Sources */ = {
			isa = PBXSourcesBuildPhase;
			buildActionMask = 2147483647;
			files = (
				3E3F042613D2174A0027BB55 /* AudioRecordingTest3Tests.m in Sources */,
			);
			runOnlyForDeploymentPostprocessing = 0;
		};
/* End PBXSourcesBuildPhase section */

/* Begin PBXTargetDependency section */
		3E3F041B13D2174A0027BB55 /* PBXTargetDependency */ = {
			isa = PBXTargetDependency;
			target = 3E3F03F113D2174A0027BB55 /* AudioRecordingTest3 */;
			targetProxy = 3E3F041A13D2174A0027BB55 /* PBXContainerItemProxy */;
		};
/* End PBXTargetDependency section */

/* Begin PBXVariantGroup section */
		3E3F03FF13D2174A0027BB55 /* InfoPlist.strings */ = {
			isa = PBXVariantGroup;
			children = (
				3E3F040013D2174A0027BB55 /* en */,
			);
			name = InfoPlist.strings;
			sourceTree = "<group>";
		};
		3E3F040813D2174A0027BB55 /* MainWindow.xib */ = {
			isa = PBXVariantGroup;
			children = (
				3E3F040913D2174A0027BB55 /* en */,
			);
			name = MainWindow.xib;
			sourceTree = "<group>";
		};
		3E3F040E13D2174A0027BB55 /* RootViewController.xib */ = {
			isa = PBXVariantGroup;
			children = (
				3E3F040F13D2174A0027BB55 /* en */,
			);
			name = RootViewController.xib;
			sourceTree = "<group>";
		};
		3E3F041F13D2174A0027BB55 /* InfoPlist.strings */ = {
			isa = PBXVariantGroup;
			children = (
				3E3F042013D2174A0027BB55 /* en */,
			);
			name = InfoPlist.strings;
			sourceTree = "<group>";
		};
/* End PBXVariantGroup section */

/* Begin XCBuildConfiguration section */
		3E3F042713D2174A0027BB55 /* Debug */ = {
			isa = XCBuildConfiguration;
			buildSettings = {
				ARCHS = "$(ARCHS_STANDARD_32_BIT)";
				"CODE_SIGN_IDENTITY[sdk=iphoneos*]" = "iPhone Developer";
				GCC_C_LANGUAGE_STANDARD = gnu99;
				GCC_OPTIMIZATION_LEVEL = 0;
				GCC_PREPROCESSOR_DEFINITIONS = DEBUG;
				GCC_SYMBOLS_PRIVATE_EXTERN = NO;
				GCC_VERSION = com.apple.compilers.llvmgcc42;
				GCC_WARN_ABOUT_RETURN_TYPE = YES;
				GCC_WARN_UNUSED_VARIABLE = YES;
				IPHONEOS_DEPLOYMENT_TARGET = 4.3;
				SDKROOT = iphoneos;
			};
			name = Debug;
		};
		3E3F042813D2174A0027BB55 /* Release */ = {
			isa = XCBuildConfiguration;
			buildSettings = {
				ARCHS = "$(ARCHS_STANDARD_32_BIT)";
				"CODE_SIGN_IDENTITY[sdk=iphoneos*]" = "iPhone Developer";
				GCC_C_LANGUAGE_STANDARD = gnu99;
				GCC_VERSION = com.apple.compilers.llvmgcc42;
				GCC_WARN_ABOUT_RETURN_TYPE = YES;
				GCC_WARN_UNUSED_VARIABLE = YES;
				IPHONEOS_DEPLOYMENT_TARGET = 4.3;
				OTHER_CFLAGS = "-DNS_BLOCK_ASSERTIONS=1";
				SDKROOT = iphoneos;
			};
			name = Release;
		};
		3E3F042A13D2174A0027BB55 /* Debug */ = {
			isa = XCBuildConfiguration;
			buildSettings = {
				ALWAYS_SEARCH_USER_PATHS = NO;
				COPY_PHASE_STRIP = NO;
				GCC_DYNAMIC_NO_PIC = NO;
				GCC_PRECOMPILE_PREFIX_HEADER = YES;
				GCC_PREFIX_HEADER = "AudioRecordingTest3/AudioRecordingTest3-Prefix.pch";
				INFOPLIST_FILE = "AudioRecordingTest3/AudioRecordingTest3-Info.plist";
				PRODUCT_NAME = "$(TARGET_NAME)";
				WRAPPER_EXTENSION = app;
			};
			name = Debug;
		};
		3E3F042B13D2174A0027BB55 /* Release */ = {
			isa = XCBuildConfiguration;
			buildSettings = {
				ALWAYS_SEARCH_USER_PATHS = NO;
				COPY_PHASE_STRIP = YES;
				GCC_PRECOMPILE_PREFIX_HEADER = YES;
				GCC_PREFIX_HEADER = "AudioRecordingTest3/AudioRecordingTest3-Prefix.pch";
				INFOPLIST_FILE = "AudioRecordingTest3/AudioRecordingTest3-Info.plist";
				PRODUCT_NAME = "$(TARGET_NAME)";
				VALIDATE_PRODUCT = YES;
				WRAPPER_EXTENSION = app;
			};
			name = Release;
		};
		3E3F042D13D2174A0027BB55 /* Debug */ = {
			isa = XCBuildConfiguration;
			buildSettings = {
				ALWAYS_SEARCH_USER_PATHS = NO;
				BUNDLE_LOADER = "$(BUILT_PRODUCTS_DIR)/AudioRecordingTest3.app/AudioRecordingTest3";
				FRAMEWORK_SEARCH_PATHS = (
					"$(SDKROOT)/Developer/Library/Frameworks",
					"$(DEVELOPER_LIBRARY_DIR)/Frameworks",
				);
				GCC_PRECOMPILE_PREFIX_HEADER = YES;
				GCC_PREFIX_HEADER = "AudioRecordingTest3Tests/AudioRecordingTest3Tests-Prefix.pch";
				INFOPLIST_FILE = "AudioRecordingTest3Tests/AudioRecordingTest3Tests-Info.plist";
				OTHER_LDFLAGS = (
					"-framework",
					SenTestingKit,
				);
				PRODUCT_NAME = "$(TARGET_NAME)";
				TEST_HOST = "$(BUNDLE_LOADER)";
				WRAPPER_EXTENSION = octest;
			};
			name = Debug;
		};
		3E3F042E13D2174A0027BB55 /* Release */ = {
			isa = XCBuildConfiguration;
			buildSettings = {
				ALWAYS_SEARCH_USER_PATHS = NO;
				BUNDLE_LOADER = "$(BUILT_PRODUCTS_DIR)/AudioRecordingTest3.app/AudioRecordingTest3";
				FRAMEWORK_SEARCH_PATHS = (
					"$(SDKROOT)/Developer/Library/Frameworks",
					"$(DEVELOPER_LIBRARY_DIR)/Frameworks",
				);
				GCC_PRECOMPILE_PREFIX_HEADER = YES;
				GCC_PREFIX_HEADER = "AudioRecordingTest3Tests/AudioRecordingTest3Tests-Prefix.pch";
				INFOPLIST_FILE = "AudioRecordingTest3Tests/AudioRecordingTest3Tests-Info.plist";
				OTHER_LDFLAGS = (
					"-framework",
					SenTestingKit,
				);
				PRODUCT_NAME = "$(TARGET_NAME)";
				TEST_HOST = "$(BUNDLE_LOADER)";
				WRAPPER_EXTENSION = octest;
			};
			name = Release;
		};
/* End XCBuildConfiguration section */

/* Begin XCConfigurationList section */
		3E3F03EC13D2174A0027BB55 /* Build configuration list for PBXProject "AudioRecordingTest3" */ = {
			isa = XCConfigurationList;
			buildConfigurations = (
				3E3F042713D2174A0027BB55 /* Debug */,
				3E3F042813D2174A0027BB55 /* Release */,
			);
			defaultConfigurationIsVisible = 0;
			defaultConfigurationName = Release;
		};
		3E3F042913D2174A0027BB55 /* Build configuration list for PBXNativeTarget "AudioRecordingTest3" */ = {
			isa = XCConfigurationList;
			buildConfigurations = (
				3E3F042A13D2174A0027BB55 /* Debug */,
				3E3F042B13D2174A0027BB55 /* Release */,
			);
			defaultConfigurationIsVisible = 0;
			defaultConfigurationName = Release;
		};
		3E3F042C13D2174A0027BB55 /* Build configuration list for PBXNativeTarget "AudioRecordingTest3Tests" */ = {
			isa = XCConfigurationList;
			buildConfigurations = (
				3E3F042D13D2174A0027BB55 /* Debug */,
				3E3F042E13D2174A0027BB55 /* Release */,
			);
			defaultConfigurationIsVisible = 0;
			defaultConfigurationName = Release;
		};
/* End XCConfigurationList section */
	};
	rootObject = 3E3F03E913D2174A0027BB55 /* Project object */;
}
