// !$*UTF8*$!
{
	archiveVersion = 1;
	classes = {
	};
	objectVersion = 46;
	objects = {

/* Begin PBXBuildFile section */
		3E45AA2113D0D51B002788E8 /* UIKit.framework in Frameworks */ = {isa = PBXBuildFile; fileRef = 3E45AA2013D0D51B002788E8 /* UIKit.framework */; };
		3E45AA2313D0D51B002788E8 /* Foundation.framework in Frameworks */ = {isa = PBXBuildFile; fileRef = 3E45AA2213D0D51B002788E8 /* Foundation.framework */; };
		3E45AA2513D0D51B002788E8 /* CoreGraphics.framework in Frameworks */ = {isa = PBXBuildFile; fileRef = 3E45AA2413D0D51B002788E8 /* CoreGraphics.framework */; };
		3E45AA2B13D0D51B002788E8 /* InfoPlist.strings in Resources */ = {isa = PBXBuildFile; fileRef = 3E45AA2913D0D51B002788E8 /* InfoPlist.strings */; };
		3E45AA2E13D0D51B002788E8 /* main.m in Sources */ = {isa = PBXBuildFile; fileRef = 3E45AA2D13D0D51B002788E8 /* main.m */; };
		3E45AA3113D0D51B002788E8 /* AudioRecordingTest1AppDelegate.m in Sources */ = {isa = PBXBuildFile; fileRef = 3E45AA3013D0D51B002788E8 /* AudioRecordingTest1AppDelegate.m */; };
		3E45AA3413D0D51B002788E8 /* MainWindow.xib in Resources */ = {isa = PBXBuildFile; fileRef = 3E45AA3213D0D51B002788E8 /* MainWindow.xib */; };
		3E45AA3713D0D51B002788E8 /* AudioRecordingTest1ViewController.m in Sources */ = {isa = PBXBuildFile; fileRef = 3E45AA3613D0D51B002788E8 /* AudioRecordingTest1ViewController.m */; };
		3E45AA3A13D0D51B002788E8 /* AudioRecordingTest1ViewController.xib in Resources */ = {isa = PBXBuildFile; fileRef = 3E45AA3813D0D51B002788E8 /* AudioRecordingTest1ViewController.xib */; };
		3E45AA4113D0D51B002788E8 /* UIKit.framework in Frameworks */ = {isa = PBXBuildFile; fileRef = 3E45AA2013D0D51B002788E8 /* UIKit.framework */; };
		3E45AA4213D0D51B002788E8 /* Foundation.framework in Frameworks */ = {isa = PBXBuildFile; fileRef = 3E45AA2213D0D51B002788E8 /* Foundation.framework */; };
		3E45AA4313D0D51B002788E8 /* CoreGraphics.framework in Frameworks */ = {isa = PBXBuildFile; fileRef = 3E45AA2413D0D51B002788E8 /* CoreGraphics.framework */; };
		3E45AA4B13D0D51B002788E8 /* InfoPlist.strings in Resources */ = {isa = PBXBuildFile; fileRef = 3E45AA4913D0D51B002788E8 /* InfoPlist.strings */; };
		3E45AA4E13D0D51B002788E8 /* AudioRecordingTest1Tests.h in Resources */ = {isa = PBXBuildFile; fileRef = 3E45AA4D13D0D51B002788E8 /* AudioRecordingTest1Tests.h */; };
		3E45AA5013D0D51B002788E8 /* AudioRecordingTest1Tests.m in Sources */ = {isa = PBXBuildFile; fileRef = 3E45AA4F13D0D51B002788E8 /* AudioRecordingTest1Tests.m */; };
		3E45AA5F13D103D8002788E8 /* AVFoundation.framework in Frameworks */ = {isa = PBXBuildFile; fileRef = 3E45AA5E13D103D8002788E8 /* AVFoundation.framework */; };
/* End PBXBuildFile section */

/* Begin PBXContainerItemProxy section */
		3E45AA4413D0D51B002788E8 /* PBXContainerItemProxy */ = {
			isa = PBXContainerItemProxy;
			containerPortal = 3E45AA1313D0D51B002788E8 /* Project object */;
			proxyType = 1;
			remoteGlobalIDString = 3E45AA1B13D0D51B002788E8;
			remoteInfo = AudioRecordingTest1;
		};
/* End PBXContainerItemProxy section */

/* Begin PBXFileReference section */
		3E45AA1C13D0D51B002788E8 /* AudioRecordingTest1.app */ = {isa = PBXFileReference; explicitFileType = wrapper.application; includeInIndex = 0; path = AudioRecordingTest1.app; sourceTree = BUILT_PRODUCTS_DIR; };
		3E45AA2013D0D51B002788E8 /* UIKit.framework */ = {isa = PBXFileReference; lastKnownFileType = wrapper.framework; name = UIKit.framework; path = System/Library/Frameworks/UIKit.framework; sourceTree = SDKROOT; };
		3E45AA2213D0D51B002788E8 /* Foundation.framework */ = {isa = PBXFileReference; lastKnownFileType = wrapper.framework; name = Foundation.framework; path = System/Library/Frameworks/Foundation.framework; sourceTree = SDKROOT; };
		3E45AA2413D0D51B002788E8 /* CoreGraphics.framework */ = {isa = PBXFileReference; lastKnownFileType = wrapper.framework; name = CoreGraphics.framework; path = System/Library/Frameworks/CoreGraphics.framework; sourceTree = SDKROOT; };
		3E45AA2813D0D51B002788E8 /* AudioRecordingTest1-Info.plist */ = {isa = PBXFileReference; lastKnownFileType = text.plist.xml; path = "AudioRecordingTest1-Info.plist"; sourceTree = "<group>"; };
		3E45AA2A13D0D51B002788E8 /* en */ = {isa = PBXFileReference; lastKnownFileType = text.plist.strings; name = en; path = en.lproj/InfoPlist.strings; sourceTree = "<group>"; };
		3E45AA2C13D0D51B002788E8 /* AudioRecordingTest1-Prefix.pch */ = {isa = PBXFileReference; lastKnownFileType = sourcecode.c.h; path = "AudioRecordingTest1-Prefix.pch"; sourceTree = "<group>"; };
		3E45AA2D13D0D51B002788E8 /* main.m */ = {isa = PBXFileReference; lastKnownFileType = sourcecode.c.objc; path = main.m; sourceTree = "<group>"; };
		3E45AA2F13D0D51B002788E8 /* AudioRecordingTest1AppDelegate.h */ = {isa = PBXFileReference; lastKnownFileType = sourcecode.c.h; path = AudioRecordingTest1AppDelegate.h; sourceTree = "<group>"; };
		3E45AA3013D0D51B002788E8 /* AudioRecordingTest1AppDelegate.m */ = {isa = PBXFileReference; lastKnownFileType = sourcecode.c.objc; path = AudioRecordingTest1AppDelegate.m; sourceTree = "<group>"; };
		3E45AA3313D0D51B002788E8 /* en */ = {isa = PBXFileReference; lastKnownFileType = file.xib; name = en; path = en.lproj/MainWindow.xib; sourceTree = "<group>"; };
		3E45AA3513D0D51B002788E8 /* AudioRecordingTest1ViewController.h */ = {isa = PBXFileReference; lastKnownFileType = sourcecode.c.h; path = AudioRecordingTest1ViewController.h; sourceTree = "<group>"; };
		3E45AA3613D0D51B002788E8 /* AudioRecordingTest1ViewController.m */ = {isa = PBXFileReference; lastKnownFileType = sourcecode.c.objc; path = AudioRecordingTest1ViewController.m; sourceTree = "<group>"; };
		3E45AA3913D0D51B002788E8 /* en */ = {isa = PBXFileReference; lastKnownFileType = file.xib; name = en; path = en.lproj/AudioRecordingTest1ViewController.xib; sourceTree = "<group>"; };
		3E45AA4013D0D51B002788E8 /* AudioRecordingTest1Tests.octest */ = {isa = PBXFileReference; explicitFileType = wrapper.cfbundle; includeInIndex = 0; path = AudioRecordingTest1Tests.octest; sourceTree = BUILT_PRODUCTS_DIR; };
		3E45AA4813D0D51B002788E8 /* AudioRecordingTest1Tests-Info.plist */ = {isa = PBXFileReference; lastKnownFileType = text.plist.xml; path = "AudioRecordingTest1Tests-Info.plist"; sourceTree = "<group>"; };
		3E45AA4A13D0D51B002788E8 /* en */ = {isa = PBXFileReference; lastKnownFileType = text.plist.strings; name = en; path = en.lproj/InfoPlist.strings; sourceTree = "<group>"; };
		3E45AA4C13D0D51B002788E8 /* AudioRecordingTest1Tests-Prefix.pch */ = {isa = PBXFileReference; lastKnownFileType = sourcecode.c.h; path = "AudioRecordingTest1Tests-Prefix.pch"; sourceTree = "<group>"; };
		3E45AA4D13D0D51B002788E8 /* AudioRecordingTest1Tests.h */ = {isa = PBXFileReference; lastKnownFileType = sourcecode.c.h; path = AudioRecordingTest1Tests.h; sourceTree = "<group>"; };
		3E45AA4F13D0D51B002788E8 /* AudioRecordingTest1Tests.m */ = {isa = PBXFileReference; lastKnownFileType = sourcecode.c.objc; path = AudioRecordingTest1Tests.m; sourceTree = "<group>"; };
		3E45AA5E13D103D8002788E8 /* AVFoundation.framework */ = {isa = PBXFileReference; lastKnownFileType = wrapper.framework; name = AVFoundation.framework; path = System/Library/Frameworks/AVFoundation.framework; sourceTree = SDKROOT; };
/* End PBXFileReference section */

/* Begin PBXFrameworksBuildPhase section */
		3E45AA1913D0D51B002788E8 /* Frameworks */ = {
			isa = PBXFrameworksBuildPhase;
			buildActionMask = 2147483647;
			files = (
				3E45AA5F13D103D8002788E8 /* AVFoundation.framework in Frameworks */,
				3E45AA2113D0D51B002788E8 /* UIKit.framework in Frameworks */,
				3E45AA2313D0D51B002788E8 /* Foundation.framework in Frameworks */,
				3E45AA2513D0D51B002788E8 /* CoreGraphics.framework in Frameworks */,
			);
			runOnlyForDeploymentPostprocessing = 0;
		};
		3E45AA3C13D0D51B002788E8 /* Frameworks */ = {
			isa = PBXFrameworksBuildPhase;
			buildActionMask = 2147483647;
			files = (
				3E45AA4113D0D51B002788E8 /* UIKit.framework in Frameworks */,
				3E45AA4213D0D51B002788E8 /* Foundation.framework in Frameworks */,
				3E45AA4313D0D51B002788E8 /* CoreGraphics.framework in Frameworks */,
			);
			runOnlyForDeploymentPostprocessing = 0;
		};
/* End PBXFrameworksBuildPhase section */

/* Begin PBXGroup section */
		3E45AA1113D0D51B002788E8 = {
			isa = PBXGroup;
			children = (
				3E45AA2613D0D51B002788E8 /* AudioRecordingTest1 */,
				3E45AA4613D0D51B002788E8 /* AudioRecordingTest1Tests */,
				3E45AA1F13D0D51B002788E8 /* Frameworks */,
				3E45AA1D13D0D51B002788E8 /* Products */,
			);
			sourceTree = "<group>";
		};
		3E45AA1D13D0D51B002788E8 /* Products */ = {
			isa = PBXGroup;
			children = (
				3E45AA1C13D0D51B002788E8 /* AudioRecordingTest1.app */,
				3E45AA4013D0D51B002788E8 /* AudioRecordingTest1Tests.octest */,
			);
			name = Products;
			sourceTree = "<group>";
		};
		3E45AA1F13D0D51B002788E8 /* Frameworks */ = {
			isa = PBXGroup;
			children = (
				3E45AA5E13D103D8002788E8 /* AVFoundation.framework */,
				3E45AA2013D0D51B002788E8 /* UIKit.framework */,
				3E45AA2213D0D51B002788E8 /* Foundation.framework */,
				3E45AA2413D0D51B002788E8 /* CoreGraphics.framework */,
			);
			name = Frameworks;
			sourceTree = "<group>";
		};
		3E45AA2613D0D51B002788E8 /* AudioRecordingTest1 */ = {
			isa = PBXGroup;
			children = (
				3E45AA2F13D0D51B002788E8 /* AudioRecordingTest1AppDelegate.h */,
				3E45AA3013D0D51B002788E8 /* AudioRecordingTest1AppDelegate.m */,
				3E45AA3213D0D51B002788E8 /* MainWindow.xib */,
				3E45AA3513D0D51B002788E8 /* AudioRecordingTest1ViewController.h */,
				3E45AA3613D0D51B002788E8 /* AudioRecordingTest1ViewController.m */,
				3E45AA3813D0D51B002788E8 /* AudioRecordingTest1ViewController.xib */,
				3E45AA2713D0D51B002788E8 /* Supporting Files */,
			);
			path = AudioRecordingTest1;
			sourceTree = "<group>";
		};
		3E45AA2713D0D51B002788E8 /* Supporting Files */ = {
			isa = PBXGroup;
			children = (
				3E45AA2813D0D51B002788E8 /* AudioRecordingTest1-Info.plist */,
				3E45AA2913D0D51B002788E8 /* InfoPlist.strings */,
				3E45AA2C13D0D51B002788E8 /* AudioRecordingTest1-Prefix.pch */,
				3E45AA2D13D0D51B002788E8 /* main.m */,
			);
			name = "Supporting Files";
			sourceTree = "<group>";
		};
		3E45AA4613D0D51B002788E8 /* AudioRecordingTest1Tests */ = {
			isa = PBXGroup;
			children = (
				3E45AA4D13D0D51B002788E8 /* AudioRecordingTest1Tests.h */,
				3E45AA4F13D0D51B002788E8 /* AudioRecordingTest1Tests.m */,
				3E45AA4713D0D51B002788E8 /* Supporting Files */,
			);
			path = AudioRecordingTest1Tests;
			sourceTree = "<group>";
		};
		3E45AA4713D0D51B002788E8 /* Supporting Files */ = {
			isa = PBXGroup;
			children = (
				3E45AA4813D0D51B002788E8 /* AudioRecordingTest1Tests-Info.plist */,
				3E45AA4913D0D51B002788E8 /* InfoPlist.strings */,
				3E45AA4C13D0D51B002788E8 /* AudioRecordingTest1Tests-Prefix.pch */,
			);
			name = "Supporting Files";
			sourceTree = "<group>";
		};
/* End PBXGroup section */

/* Begin PBXNativeTarget section */
		3E45AA1B13D0D51B002788E8 /* AudioRecordingTest1 */ = {
			isa = PBXNativeTarget;
			buildConfigurationList = 3E45AA5313D0D51B002788E8 /* Build configuration list for PBXNativeTarget "AudioRecordingTest1" */;
			buildPhases = (
				3E45AA1813D0D51B002788E8 /* Sources */,
				3E45AA1913D0D51B002788E8 /* Frameworks */,
				3E45AA1A13D0D51B002788E8 /* Resources */,
			);
			buildRules = (
			);
			dependencies = (
			);
			name = AudioRecordingTest1;
			productName = AudioRecordingTest1;
			productReference = 3E45AA1C13D0D51B002788E8 /* AudioRecordingTest1.app */;
			productType = "com.apple.product-type.application";
		};
		3E45AA3F13D0D51B002788E8 /* AudioRecordingTest1Tests */ = {
			isa = PBXNativeTarget;
			buildConfigurationList = 3E45AA5613D0D51B002788E8 /* Build configuration list for PBXNativeTarget "AudioRecordingTest1Tests" */;
			buildPhases = (
				3E45AA3B13D0D51B002788E8 /* Sources */,
				3E45AA3C13D0D51B002788E8 /* Frameworks */,
				3E45AA3D13D0D51B002788E8 /* Resources */,
				3E45AA3E13D0D51B002788E8 /* ShellScript */,
			);
			buildRules = (
			);
			dependencies = (
				3E45AA4513D0D51B002788E8 /* PBXTargetDependency */,
			);
			name = AudioRecordingTest1Tests;
			productName = AudioRecordingTest1Tests;
			productReference = 3E45AA4013D0D51B002788E8 /* AudioRecordingTest1Tests.octest */;
			productType = "com.apple.product-type.bundle";
		};
/* End PBXNativeTarget section */

/* Begin PBXProject section */
		3E45AA1313D0D51B002788E8 /* Project object */ = {
			isa = PBXProject;
			buildConfigurationList = 3E45AA1613D0D51B002788E8 /* Build configuration list for PBXProject "AudioRecordingTest1" */;
			compatibilityVersion = "Xcode 3.2";
			developmentRegion = English;
			hasScannedForEncodings = 0;
			knownRegions = (
				en,
			);
			mainGroup = 3E45AA1113D0D51B002788E8;
			productRefGroup = 3E45AA1D13D0D51B002788E8 /* Products */;
			projectDirPath = "";
			projectRoot = "";
			targets = (
				3E45AA1B13D0D51B002788E8 /* AudioRecordingTest1 */,
				3E45AA3F13D0D51B002788E8 /* AudioRecordingTest1Tests */,
			);
		};
/* End PBXProject section */

/* Begin PBXResourcesBuildPhase section */
		3E45AA1A13D0D51B002788E8 /* Resources */ = {
			isa = PBXResourcesBuildPhase;
			buildActionMask = 2147483647;
			files = (
				3E45AA2B13D0D51B002788E8 /* InfoPlist.strings in Resources */,
				3E45AA3413D0D51B002788E8 /* MainWindow.xib in Resources */,
				3E45AA3A13D0D51B002788E8 /* AudioRecordingTest1ViewController.xib in Resources */,
			);
			runOnlyForDeploymentPostprocessing = 0;
		};
		3E45AA3D13D0D51B002788E8 /* Resources */ = {
			isa = PBXResourcesBuildPhase;
			buildActionMask = 2147483647;
			files = (
				3E45AA4B13D0D51B002788E8 /* InfoPlist.strings in Resources */,
				3E45AA4E13D0D51B002788E8 /* AudioRecordingTest1Tests.h in Resources */,
			);
			runOnlyForDeploymentPostprocessing = 0;
		};
/* End PBXResourcesBuildPhase section */

/* Begin PBXShellScriptBuildPhase section */
		3E45AA3E13D0D51B002788E8 /* ShellScript */ = {
			isa = PBXShellScriptBuildPhase;
			buildActionMask = 2147483647;
			files = (
			);
			inputPaths = (
			);
			outputPaths = (
			);
			runOnlyForDeploymentPostprocessing = 0;
			shellPath = /bin/sh;
			shellScript = "# Run the unit tests in this test bundle.\n\"${SYSTEM_DEVELOPER_DIR}/Tools/RunUnitTests\"\n";
		};
/* End PBXShellScriptBuildPhase section */

/* Begin PBXSourcesBuildPhase section */
		3E45AA1813D0D51B002788E8 /* Sources */ = {
			isa = PBXSourcesBuildPhase;
			buildActionMask = 2147483647;
			files = (
				3E45AA2E13D0D51B002788E8 /* main.m in Sources */,
				3E45AA3113D0D51B002788E8 /* AudioRecordingTest1AppDelegate.m in Sources */,
				3E45AA3713D0D51B002788E8 /* AudioRecordingTest1ViewController.m in Sources */,
			);
			runOnlyForDeploymentPostprocessing = 0;
		};
		3E45AA3B13D0D51B002788E8 /* Sources */ = {
			isa = PBXSourcesBuildPhase;
			buildActionMask = 2147483647;
			files = (
				3E45AA5013D0D51B002788E8 /* AudioRecordingTest1Tests.m in Sources */,
			);
			runOnlyForDeploymentPostprocessing = 0;
		};
/* End PBXSourcesBuildPhase section */

/* Begin PBXTargetDependency section */
		3E45AA4513D0D51B002788E8 /* PBXTargetDependency */ = {
			isa = PBXTargetDependency;
			target = 3E45AA1B13D0D51B002788E8 /* AudioRecordingTest1 */;
			targetProxy = 3E45AA4413D0D51B002788E8 /* PBXContainerItemProxy */;
		};
/* End PBXTargetDependency section */

/* Begin PBXVariantGroup section */
		3E45AA2913D0D51B002788E8 /* InfoPlist.strings */ = {
			isa = PBXVariantGroup;
			children = (
				3E45AA2A13D0D51B002788E8 /* en */,
			);
			name = InfoPlist.strings;
			sourceTree = "<group>";
		};
		3E45AA3213D0D51B002788E8 /* MainWindow.xib */ = {
			isa = PBXVariantGroup;
			children = (
				3E45AA3313D0D51B002788E8 /* en */,
			);
			name = MainWindow.xib;
			sourceTree = "<group>";
		};
		3E45AA3813D0D51B002788E8 /* AudioRecordingTest1ViewController.xib */ = {
			isa = PBXVariantGroup;
			children = (
				3E45AA3913D0D51B002788E8 /* en */,
			);
			name = AudioRecordingTest1ViewController.xib;
			sourceTree = "<group>";
		};
		3E45AA4913D0D51B002788E8 /* InfoPlist.strings */ = {
			isa = PBXVariantGroup;
			children = (
				3E45AA4A13D0D51B002788E8 /* en */,
			);
			name = InfoPlist.strings;
			sourceTree = "<group>";
		};
/* End PBXVariantGroup section */

/* Begin XCBuildConfiguration section */
		3E45AA5113D0D51B002788E8 /* Debug */ = {
			isa = XCBuildConfiguration;
			buildSettings = {
				ARCHS = "$(ARCHS_STANDARD_32_BIT)";
				"CODE_SIGN_IDENTITY[sdk=iphoneos*]" = "iPhone Developer";
				GCC_C_LANGUAGE_STANDARD = gnu99;
				GCC_OPTIMIZATION_LEVEL = 0;
				GCC_PREPROCESSOR_DEFINITIONS = DEBUG;
				GCC_SYMBOLS_PRIVATE_EXTERN = NO;
				GCC_VERSION = com.apple.compilers.llvmgcc42;
				GCC_WARN_ABOUT_RETURN_TYPE = YES;
				GCC_WARN_UNUSED_VARIABLE = YES;
				IPHONEOS_DEPLOYMENT_TARGET = 4.3;
				SDKROOT = iphoneos;
			};
			name = Debug;
		};
		3E45AA5213D0D51B002788E8 /* Release */ = {
			isa = XCBuildConfiguration;
			buildSettings = {
				ARCHS = "$(ARCHS_STANDARD_32_BIT)";
				"CODE_SIGN_IDENTITY[sdk=iphoneos*]" = "iPhone Developer";
				GCC_C_LANGUAGE_STANDARD = gnu99;
				GCC_VERSION = com.apple.compilers.llvmgcc42;
				GCC_WARN_ABOUT_RETURN_TYPE = YES;
				GCC_WARN_UNUSED_VARIABLE = YES;
				IPHONEOS_DEPLOYMENT_TARGET = 4.3;
				OTHER_CFLAGS = "-DNS_BLOCK_ASSERTIONS=1";
				SDKROOT = iphoneos;
			};
			name = Release;
		};
		3E45AA5413D0D51B002788E8 /* Debug */ = {
			isa = XCBuildConfiguration;
			buildSettings = {
				ALWAYS_SEARCH_USER_PATHS = NO;
				COPY_PHASE_STRIP = NO;
				GCC_DYNAMIC_NO_PIC = NO;
				GCC_PRECOMPILE_PREFIX_HEADER = YES;
				GCC_PREFIX_HEADER = "AudioRecordingTest1/AudioRecordingTest1-Prefix.pch";
				INFOPLIST_FILE = "AudioRecordingTest1/AudioRecordingTest1-Info.plist";
				PRODUCT_NAME = "$(TARGET_NAME)";
				WRAPPER_EXTENSION = app;
			};
			name = Debug;
		};
		3E45AA5513D0D51B002788E8 /* Release */ = {
			isa = XCBuildConfiguration;
			buildSettings = {
				ALWAYS_SEARCH_USER_PATHS = NO;
				COPY_PHASE_STRIP = YES;
				GCC_PRECOMPILE_PREFIX_HEADER = YES;
				GCC_PREFIX_HEADER = "AudioRecordingTest1/AudioRecordingTest1-Prefix.pch";
				INFOPLIST_FILE = "AudioRecordingTest1/AudioRecordingTest1-Info.plist";
				PRODUCT_NAME = "$(TARGET_NAME)";
				VALIDATE_PRODUCT = YES;
				WRAPPER_EXTENSION = app;
			};
			name = Release;
		};
		3E45AA5713D0D51B002788E8 /* Debug */ = {
			isa = XCBuildConfiguration;
			buildSettings = {
				ALWAYS_SEARCH_USER_PATHS = NO;
				BUNDLE_LOADER = "$(BUILT_PRODUCTS_DIR)/AudioRecordingTest1.app/AudioRecordingTest1";
				FRAMEWORK_SEARCH_PATHS = (
					"$(SDKROOT)/Developer/Library/Frameworks",
					"$(DEVELOPER_LIBRARY_DIR)/Frameworks",
				);
				GCC_PRECOMPILE_PREFIX_HEADER = YES;
				GCC_PREFIX_HEADER = "AudioRecordingTest1Tests/AudioRecordingTest1Tests-Prefix.pch";
				INFOPLIST_FILE = "AudioRecordingTest1Tests/AudioRecordingTest1Tests-Info.plist";
				OTHER_LDFLAGS = (
					"-framework",
					SenTestingKit,
				);
				PRODUCT_NAME = "$(TARGET_NAME)";
				TEST_HOST = "$(BUNDLE_LOADER)";
				WRAPPER_EXTENSION = octest;
			};
			name = Debug;
		};
		3E45AA5813D0D51B002788E8 /* Release */ = {
			isa = XCBuildConfiguration;
			buildSettings = {
				ALWAYS_SEARCH_USER_PATHS = NO;
				BUNDLE_LOADER = "$(BUILT_PRODUCTS_DIR)/AudioRecordingTest1.app/AudioRecordingTest1";
				FRAMEWORK_SEARCH_PATHS = (
					"$(SDKROOT)/Developer/Library/Frameworks",
					"$(DEVELOPER_LIBRARY_DIR)/Frameworks",
				);
				GCC_PRECOMPILE_PREFIX_HEADER = YES;
				GCC_PREFIX_HEADER = "AudioRecordingTest1Tests/AudioRecordingTest1Tests-Prefix.pch";
				INFOPLIST_FILE = "AudioRecordingTest1Tests/AudioRecordingTest1Tests-Info.plist";
				OTHER_LDFLAGS = (
					"-framework",
					SenTestingKit,
				);
				PRODUCT_NAME = "$(TARGET_NAME)";
				TEST_HOST = "$(BUNDLE_LOADER)";
				WRAPPER_EXTENSION = octest;
			};
			name = Release;
		};
/* End XCBuildConfiguration section */

/* Begin XCConfigurationList section */
		3E45AA1613D0D51B002788E8 /* Build configuration list for PBXProject "AudioRecordingTest1" */ = {
			isa = XCConfigurationList;
			buildConfigurations = (
				3E45AA5113D0D51B002788E8 /* Debug */,
				3E45AA5213D0D51B002788E8 /* Release */,
			);
			defaultConfigurationIsVisible = 0;
			defaultConfigurationName = Release;
		};
		3E45AA5313D0D51B002788E8 /* Build configuration list for PBXNativeTarget "AudioRecordingTest1" */ = {
			isa = XCConfigurationList;
			buildConfigurations = (
				3E45AA5413D0D51B002788E8 /* Debug */,
				3E45AA5513D0D51B002788E8 /* Release */,
			);
			defaultConfigurationIsVisible = 0;
		};
		3E45AA5613D0D51B002788E8 /* Build configuration list for PBXNativeTarget "AudioRecordingTest1Tests" */ = {
			isa = XCConfigurationList;
			buildConfigurations = (
				3E45AA5713D0D51B002788E8 /* Debug */,
				3E45AA5813D0D51B002788E8 /* Release */,
			);
			defaultConfigurationIsVisible = 0;
		};
/* End XCConfigurationList section */
	};
	rootObject = 3E45AA1313D0D51B002788E8 /* Project object */;
}
